// !$*UTF8*$!
{
	archiveVersion = 1;
	classes = {
	};
	objectVersion = 46;
	objects = {

/* Begin PBXBuildFile section */
		489FF92418EC49F700E6F1D0 /* Foundation.framework in Frameworks */ = {isa = PBXBuildFile; fileRef = 489FF92318EC49F700E6F1D0 /* Foundation.framework */; };
		489FF92618EC49F700E6F1D0 /* CoreGraphics.framework in Frameworks */ = {isa = PBXBuildFile; fileRef = 489FF92518EC49F700E6F1D0 /* CoreGraphics.framework */; };
		489FF92818EC49F700E6F1D0 /* UIKit.framework in Frameworks */ = {isa = PBXBuildFile; fileRef = 489FF92718EC49F700E6F1D0 /* UIKit.framework */; };
		489FF92E18EC49F700E6F1D0 /* InfoPlist.strings in Resources */ = {isa = PBXBuildFile; fileRef = 489FF92C18EC49F700E6F1D0 /* InfoPlist.strings */; };
		489FF93018EC49F700E6F1D0 /* main.m in Sources */ = {isa = PBXBuildFile; fileRef = 489FF92F18EC49F700E6F1D0 /* main.m */; };
		489FF93418EC49F800E6F1D0 /* VMGAppDelegate.m in Sources */ = {isa = PBXBuildFile; fileRef = 489FF93318EC49F800E6F1D0 /* VMGAppDelegate.m */; };
		489FF93718EC49F800E6F1D0 /* Main_iPhone.storyboard in Resources */ = {isa = PBXBuildFile; fileRef = 489FF93518EC49F800E6F1D0 /* Main_iPhone.storyboard */; };
		489FF93A18EC49F800E6F1D0 /* Main_iPad.storyboard in Resources */ = {isa = PBXBuildFile; fileRef = 489FF93818EC49F800E6F1D0 /* Main_iPad.storyboard */; };
		489FF93D18EC49F800E6F1D0 /* VMGFirstViewController.m in Sources */ = {isa = PBXBuildFile; fileRef = 489FF93C18EC49F800E6F1D0 /* VMGFirstViewController.m */; };
		489FF94018EC49F800E6F1D0 /* VMGSecondViewController.m in Sources */ = {isa = PBXBuildFile; fileRef = 489FF93F18EC49F800E6F1D0 /* VMGSecondViewController.m */; };
		489FF94218EC49F800E6F1D0 /* Images.xcassets in Resources */ = {isa = PBXBuildFile; fileRef = 489FF94118EC49F800E6F1D0 /* Images.xcassets */; };
		489FF94918EC49F800E6F1D0 /* XCTest.framework in Frameworks */ = {isa = PBXBuildFile; fileRef = 489FF94818EC49F800E6F1D0 /* XCTest.framework */; };
		489FF94A18EC49F800E6F1D0 /* Foundation.framework in Frameworks */ = {isa = PBXBuildFile; fileRef = 489FF92318EC49F700E6F1D0 /* Foundation.framework */; };
		489FF94B18EC49F800E6F1D0 /* UIKit.framework in Frameworks */ = {isa = PBXBuildFile; fileRef = 489FF92718EC49F700E6F1D0 /* UIKit.framework */; };
		489FF95318EC49F800E6F1D0 /* InfoPlist.strings in Resources */ = {isa = PBXBuildFile; fileRef = 489FF95118EC49F800E6F1D0 /* InfoPlist.strings */; };
		489FF95518EC49F800E6F1D0 /* TVMGTests.m in Sources */ = {isa = PBXBuildFile; fileRef = 489FF95418EC49F800E6F1D0 /* TVMGTests.m */; };
/* End PBXBuildFile section */

/* Begin PBXContainerItemProxy section */
		489FF94C18EC49F800E6F1D0 /* PBXContainerItemProxy */ = {
			isa = PBXContainerItemProxy;
			containerPortal = 489FF91818EC49F700E6F1D0 /* Project object */;
			proxyType = 1;
			remoteGlobalIDString = 489FF91F18EC49F700E6F1D0;
			remoteInfo = TVMG;
		};
/* End PBXContainerItemProxy section */

/* Begin PBXFileReference section */
		489FF92018EC49F700E6F1D0 /* TVMG.app */ = {isa = PBXFileReference; explicitFileType = wrapper.application; includeInIndex = 0; path = TVMG.app; sourceTree = BUILT_PRODUCTS_DIR; };
		489FF92318EC49F700E6F1D0 /* Foundation.framework */ = {isa = PBXFileReference; lastKnownFileType = wrapper.framework; name = Foundation.framework; path = System/Library/Frameworks/Foundation.framework; sourceTree = SDKROOT; };
		489FF92518EC49F700E6F1D0 /* CoreGraphics.framework */ = {isa = PBXFileReference; lastKnownFileType = wrapper.framework; name = CoreGraphics.framework; path = System/Library/Frameworks/CoreGraphics.framework; sourceTree = SDKROOT; };
		489FF92718EC49F700E6F1D0 /* UIKit.framework */ = {isa = PBXFileReference; lastKnownFileType = wrapper.framework; name = UIKit.framework; path = System/Library/Frameworks/UIKit.framework; sourceTree = SDKROOT; };
		489FF92B18EC49F700E6F1D0 /* TVMG-Info.plist */ = {isa = PBXFileReference; lastKnownFileType = text.plist.xml; path = "TVMG-Info.plist"; sourceTree = "<group>"; };
		489FF92D18EC49F700E6F1D0 /* en */ = {isa = PBXFileReference; lastKnownFileType = text.plist.strings; name = en; path = en.lproj/InfoPlist.strings; sourceTree = "<group>"; };
		489FF92F18EC49F700E6F1D0 /* main.m */ = {isa = PBXFileReference; lastKnownFileType = sourcecode.c.objc; path = main.m; sourceTree = "<group>"; };
		489FF93118EC49F700E6F1D0 /* TVMG-Prefix.pch */ = {isa = PBXFileReference; lastKnownFileType = sourcecode.c.h; path = "TVMG-Prefix.pch"; sourceTree = "<group>"; };
		489FF93218EC49F700E6F1D0 /* VMGAppDelegate.h */ = {isa = PBXFileReference; lastKnownFileType = sourcecode.c.h; path = VMGAppDelegate.h; sourceTree = "<group>"; };
		489FF93318EC49F800E6F1D0 /* VMGAppDelegate.m */ = {isa = PBXFileReference; lastKnownFileType = sourcecode.c.objc; path = VMGAppDelegate.m; sourceTree = "<group>"; };
		489FF93618EC49F800E6F1D0 /* Base */ = {isa = PBXFileReference; lastKnownFileType = file.storyboard; name = Base; path = Base.lproj/Main_iPhone.storyboard; sourceTree = "<group>"; };
		489FF93918EC49F800E6F1D0 /* Base */ = {isa = PBXFileReference; lastKnownFileType = file.storyboard; name = Base; path = Base.lproj/Main_iPad.storyboard; sourceTree = "<group>"; };
		489FF93B18EC49F800E6F1D0 /* VMGFirstViewController.h */ = {isa = PBXFileReference; lastKnownFileType = sourcecode.c.h; path = VMGFirstViewController.h; sourceTree = "<group>"; };
		489FF93C18EC49F800E6F1D0 /* VMGFirstViewController.m */ = {isa = PBXFileReference; lastKnownFileType = sourcecode.c.objc; path = VMGFirstViewController.m; sourceTree = "<group>"; };
		489FF93E18EC49F800E6F1D0 /* VMGSecondViewController.h */ = {isa = PBXFileReference; lastKnownFileType = sourcecode.c.h; path = VMGSecondViewController.h; sourceTree = "<group>"; };
		489FF93F18EC49F800E6F1D0 /* VMGSecondViewController.m */ = {isa = PBXFileReference; lastKnownFileType = sourcecode.c.objc; path = VMGSecondViewController.m; sourceTree = "<group>"; };
		489FF94118EC49F800E6F1D0 /* Images.xcassets */ = {isa = PBXFileReference; lastKnownFileType = folder.assetcatalog; path = Images.xcassets; sourceTree = "<group>"; };
		489FF94718EC49F800E6F1D0 /* TVMGTests.xctest */ = {isa = PBXFileReference; explicitFileType = wrapper.cfbundle; includeInIndex = 0; path = TVMGTests.xctest; sourceTree = BUILT_PRODUCTS_DIR; };
		489FF94818EC49F800E6F1D0 /* XCTest.framework */ = {isa = PBXFileReference; lastKnownFileType = wrapper.framework; name = XCTest.framework; path = Library/Frameworks/XCTest.framework; sourceTree = DEVELOPER_DIR; };
		489FF95018EC49F800E6F1D0 /* TVMGTests-Info.plist */ = {isa = PBXFileReference; lastKnownFileType = text.plist.xml; path = "TVMGTests-Info.plist"; sourceTree = "<group>"; };
		489FF95218EC49F800E6F1D0 /* en */ = {isa = PBXFileReference; lastKnownFileType = text.plist.strings; name = en; path = en.lproj/InfoPlist.strings; sourceTree = "<group>"; };
		489FF95418EC49F800E6F1D0 /* TVMGTests.m */ = {isa = PBXFileReference; lastKnownFileType = sourcecode.c.objc; path = TVMGTests.m; sourceTree = "<group>"; };
/* End PBXFileReference section */

/* Begin PBXFrameworksBuildPhase section */
		489FF91D18EC49F700E6F1D0 /* Frameworks */ = {
			isa = PBXFrameworksBuildPhase;
			buildActionMask = 2147483647;
			files = (
				489FF92618EC49F700E6F1D0 /* CoreGraphics.framework in Frameworks */,
				489FF92818EC49F700E6F1D0 /* UIKit.framework in Frameworks */,
				489FF92418EC49F700E6F1D0 /* Foundation.framework in Frameworks */,
			);
			runOnlyForDeploymentPostprocessing = 0;
		};
		489FF94418EC49F800E6F1D0 /* Frameworks */ = {
			isa = PBXFrameworksBuildPhase;
			buildActionMask = 2147483647;
			files = (
				489FF94918EC49F800E6F1D0 /* XCTest.framework in Frameworks */,
				489FF94B18EC49F800E6F1D0 /* UIKit.framework in Frameworks */,
				489FF94A18EC49F800E6F1D0 /* Foundation.framework in Frameworks */,
			);
			runOnlyForDeploymentPostprocessing = 0;
		};
/* End PBXFrameworksBuildPhase section */

/* Begin PBXGroup section */
		489FF91718EC49F700E6F1D0 = {
			isa = PBXGroup;
			children = (
				489FF92918EC49F700E6F1D0 /* TVMG */,
				489FF94E18EC49F800E6F1D0 /* TVMGTests */,
				489FF92218EC49F700E6F1D0 /* Frameworks */,
				489FF92118EC49F700E6F1D0 /* Products */,
			);
			sourceTree = "<group>";
		};
		489FF92118EC49F700E6F1D0 /* Products */ = {
			isa = PBXGroup;
			children = (
				489FF92018EC49F700E6F1D0 /* TVMG.app */,
				489FF94718EC49F800E6F1D0 /* TVMGTests.xctest */,
			);
			name = Products;
			sourceTree = "<group>";
		};
		489FF92218EC49F700E6F1D0 /* Frameworks */ = {
			isa = PBXGroup;
			children = (
				489FF92318EC49F700E6F1D0 /* Foundation.framework */,
				489FF92518EC49F700E6F1D0 /* CoreGraphics.framework */,
				489FF92718EC49F700E6F1D0 /* UIKit.framework */,
				489FF94818EC49F800E6F1D0 /* XCTest.framework */,
			);
			name = Frameworks;
			sourceTree = "<group>";
		};
		489FF92918EC49F700E6F1D0 /* TVMG */ = {
			isa = PBXGroup;
			children = (
				489FF93218EC49F700E6F1D0 /* VMGAppDelegate.h */,
				489FF93318EC49F800E6F1D0 /* VMGAppDelegate.m */,
				489FF93518EC49F800E6F1D0 /* Main_iPhone.storyboard */,
				489FF93818EC49F800E6F1D0 /* Main_iPad.storyboard */,
				489FF93B18EC49F800E6F1D0 /* VMGFirstViewController.h */,
				489FF93C18EC49F800E6F1D0 /* VMGFirstViewController.m */,
				489FF93E18EC49F800E6F1D0 /* VMGSecondViewController.h */,
				489FF93F18EC49F800E6F1D0 /* VMGSecondViewController.m */,
				489FF94118EC49F800E6F1D0 /* Images.xcassets */,
				489FF92A18EC49F700E6F1D0 /* Supporting Files */,
			);
			path = TVMG;
			sourceTree = "<group>";
		};
		489FF92A18EC49F700E6F1D0 /* Supporting Files */ = {
			isa = PBXGroup;
			children = (
				489FF92B18EC49F700E6F1D0 /* TVMG-Info.plist */,
				489FF92C18EC49F700E6F1D0 /* InfoPlist.strings */,
				489FF92F18EC49F700E6F1D0 /* main.m */,
				489FF93118EC49F700E6F1D0 /* TVMG-Prefix.pch */,
			);
			name = "Supporting Files";
			sourceTree = "<group>";
		};
		489FF94E18EC49F800E6F1D0 /* TVMGTests */ = {
			isa = PBXGroup;
			children = (
				489FF95418EC49F800E6F1D0 /* TVMGTests.m */,
				489FF94F18EC49F800E6F1D0 /* Supporting Files */,
			);
			path = TVMGTests;
			sourceTree = "<group>";
		};
		489FF94F18EC49F800E6F1D0 /* Supporting Files */ = {
			isa = PBXGroup;
			children = (
				489FF95018EC49F800E6F1D0 /* TVMGTests-Info.plist */,
				489FF95118EC49F800E6F1D0 /* InfoPlist.strings */,
			);
			name = "Supporting Files";
			sourceTree = "<group>";
		};
/* End PBXGroup section */

/* Begin PBXNativeTarget section */
		489FF91F18EC49F700E6F1D0 /* TVMG */ = {
			isa = PBXNativeTarget;
			buildConfigurationList = 489FF95818EC49F800E6F1D0 /* Build configuration list for PBXNativeTarget "TVMG" */;
			buildPhases = (
				489FF91C18EC49F700E6F1D0 /* Sources */,
				489FF91D18EC49F700E6F1D0 /* Frameworks */,
				489FF91E18EC49F700E6F1D0 /* Resources */,
			);
			buildRules = (
			);
			dependencies = (
			);
			name = TVMG;
			productName = TVMG;
			productReference = 489FF92018EC49F700E6F1D0 /* TVMG.app */;
			productType = "com.apple.product-type.application";
		};
		489FF94618EC49F800E6F1D0 /* TVMGTests */ = {
			isa = PBXNativeTarget;
			buildConfigurationList = 489FF95B18EC49F800E6F1D0 /* Build configuration list for PBXNativeTarget "TVMGTests" */;
			buildPhases = (
				489FF94318EC49F800E6F1D0 /* Sources */,
				489FF94418EC49F800E6F1D0 /* Frameworks */,
				489FF94518EC49F800E6F1D0 /* Resources */,
			);
			buildRules = (
			);
			dependencies = (
				489FF94D18EC49F800E6F1D0 /* PBXTargetDependency */,
			);
			name = TVMGTests;
			productName = TVMGTests;
			productReference = 489FF94718EC49F800E6F1D0 /* TVMGTests.xctest */;
			productType = "com.apple.product-type.bundle.unit-test";
		};
/* End PBXNativeTarget section */

/* Begin PBXProject section */
		489FF91818EC49F700E6F1D0 /* Project object */ = {
			isa = PBXProject;
			attributes = {
				CLASSPREFIX = VMG;
				LastUpgradeCheck = 0510;
				ORGANIZATIONNAME = "Tim Shim";
				TargetAttributes = {
					489FF94618EC49F800E6F1D0 = {
						TestTargetID = 489FF91F18EC49F700E6F1D0;
					};
				};
			};
			buildConfigurationList = 489FF91B18EC49F700E6F1D0 /* Build configuration list for PBXProject "TVMG" */;
			compatibilityVersion = "Xcode 3.2";
			developmentRegion = English;
			hasScannedForEncodings = 0;
			knownRegions = (
				en,
				Base,
			);
			mainGroup = 489FF91718EC49F700E6F1D0;
			productRefGroup = 489FF92118EC49F700E6F1D0 /* Products */;
			projectDirPath = "";
			projectRoot = "";
			targets = (
				489FF91F18EC49F700E6F1D0 /* TVMG */,
				489FF94618EC49F800E6F1D0 /* TVMGTests */,
			);
		};
/* End PBXProject section */

/* Begin PBXResourcesBuildPhase section */
		489FF91E18EC49F700E6F1D0 /* Resources */ = {
			isa = PBXResourcesBuildPhase;
			buildActionMask = 2147483647;
			files = (
				489FF93A18EC49F800E6F1D0 /* Main_iPad.storyboard in Resources */,
				489FF94218EC49F800E6F1D0 /* Images.xcassets in Resources */,
				489FF93718EC49F800E6F1D0 /* Main_iPhone.storyboard in Resources */,
				489FF92E18EC49F700E6F1D0 /* InfoPlist.strings in Resources */,
			);
			runOnlyForDeploymentPostprocessing = 0;
		};
		489FF94518EC49F800E6F1D0 /* Resources */ = {
			isa = PBXResourcesBuildPhase;
			buildActionMask = 2147483647;
			files = (
				489FF95318EC49F800E6F1D0 /* InfoPlist.strings in Resources */,
			);
			runOnlyForDeploymentPostprocessing = 0;
		};
/* End PBXResourcesBuildPhase section */

/* Begin PBXSourcesBuildPhase section */
		489FF91C18EC49F700E6F1D0 /* Sources */ = {
			isa = PBXSourcesBuildPhase;
			buildActionMask = 2147483647;
			files = (
				489FF93018EC49F700E6F1D0 /* main.m in Sources */,
				489FF94018EC49F800E6F1D0 /* VMGSecondViewController.m in Sources */,
				489FF93418EC49F800E6F1D0 /* VMGAppDelegate.m in Sources */,
				489FF93D18EC49F800E6F1D0 /* VMGFirstViewController.m in Sources */,
			);
			runOnlyForDeploymentPostprocessing = 0;
		};
		489FF94318EC49F800E6F1D0 /* Sources */ = {
			isa = PBXSourcesBuildPhase;
			buildActionMask = 2147483647;
			files = (
				489FF95518EC49F800E6F1D0 /* TVMGTests.m in Sources */,
			);
			runOnlyForDeploymentPostprocessing = 0;
		};
/* End PBXSourcesBuildPhase section */

/* Begin PBXTargetDependency section */
		489FF94D18EC49F800E6F1D0 /* PBXTargetDependency */ = {
			isa = PBXTargetDependency;
			target = 489FF91F18EC49F700E6F1D0 /* TVMG */;
			targetProxy = 489FF94C18EC49F800E6F1D0 /* PBXContainerItemProxy */;
		};
/* End PBXTargetDependency section */

/* Begin PBXVariantGroup section */
		489FF92C18EC49F700E6F1D0 /* InfoPlist.strings */ = {
			isa = PBXVariantGroup;
			children = (
				489FF92D18EC49F700E6F1D0 /* en */,
			);
			name = InfoPlist.strings;
			sourceTree = "<group>";
		};
		489FF93518EC49F800E6F1D0 /* Main_iPhone.storyboard */ = {
			isa = PBXVariantGroup;
			children = (
				489FF93618EC49F800E6F1D0 /* Base */,
			);
			name = Main_iPhone.storyboard;
			sourceTree = "<group>";
		};
		489FF93818EC49F800E6F1D0 /* Main_iPad.storyboard */ = {
			isa = PBXVariantGroup;
			children = (
				489FF93918EC49F800E6F1D0 /* Base */,
			);
			name = Main_iPad.storyboard;
			sourceTree = "<group>";
		};
		489FF95118EC49F800E6F1D0 /* InfoPlist.strings */ = {
			isa = PBXVariantGroup;
			children = (
				489FF95218EC49F800E6F1D0 /* en */,
			);
			name = InfoPlist.strings;
			sourceTree = "<group>";
		};
/* End PBXVariantGroup section */

/* Begin XCBuildConfiguration section */
		489FF95618EC49F800E6F1D0 /* Debug */ = {
			isa = XCBuildConfiguration;
			buildSettings = {
				ALWAYS_SEARCH_USER_PATHS = NO;
				CLANG_CXX_LANGUAGE_STANDARD = "gnu++0x";
				CLANG_CXX_LIBRARY = "libc++";
				CLANG_ENABLE_MODULES = YES;
				CLANG_ENABLE_OBJC_ARC = YES;
				CLANG_WARN_BOOL_CONVERSION = YES;
				CLANG_WARN_CONSTANT_CONVERSION = YES;
				CLANG_WARN_DIRECT_OBJC_ISA_USAGE = YES_ERROR;
				CLANG_WARN_EMPTY_BODY = YES;
				CLANG_WARN_ENUM_CONVERSION = YES;
				CLANG_WARN_INT_CONVERSION = YES;
				CLANG_WARN_OBJC_ROOT_CLASS = YES_ERROR;
				CLANG_WARN__DUPLICATE_METHOD_MATCH = YES;
				"CODE_SIGN_IDENTITY[sdk=iphoneos*]" = "iPhone Developer";
				COPY_PHASE_STRIP = NO;
				GCC_C_LANGUAGE_STANDARD = gnu99;
				GCC_DYNAMIC_NO_PIC = NO;
				GCC_OPTIMIZATION_LEVEL = 0;
				GCC_PREPROCESSOR_DEFINITIONS = (
					"DEBUG=1",
					"$(inherited)",
				);
				GCC_SYMBOLS_PRIVATE_EXTERN = NO;
				GCC_WARN_64_TO_32_BIT_CONVERSION = YES;
				GCC_WARN_ABOUT_RETURN_TYPE = YES_ERROR;
				GCC_WARN_UNDECLARED_SELECTOR = YES;
				GCC_WARN_UNINITIALIZED_AUTOS = YES_AGGRESSIVE;
				GCC_WARN_UNUSED_FUNCTION = YES;
				GCC_WARN_UNUSED_VARIABLE = YES;
				IPHONEOS_DEPLOYMENT_TARGET = 7.1;
				ONLY_ACTIVE_ARCH = YES;
				SDKROOT = iphoneos;
				TARGETED_DEVICE_FAMILY = "1,2";
			};
			name = Debug;
		};
		489FF95718EC49F800E6F1D0 /* Release */ = {
			isa = XCBuildConfiguration;
			buildSettings = {
				ALWAYS_SEARCH_USER_PATHS = NO;
				CLANG_CXX_LANGUAGE_STANDARD = "gnu++0x";
				CLANG_CXX_LIBRARY = "libc++";
				CLANG_ENABLE_MODULES = YES;
				CLANG_ENABLE_OBJC_ARC = YES;
				CLANG_WARN_BOOL_CONVERSION = YES;
				CLANG_WARN_CONSTANT_CONVERSION = YES;
				CLANG_WARN_DIRECT_OBJC_ISA_USAGE = YES_ERROR;
				CLANG_WARN_EMPTY_BODY = YES;
				CLANG_WARN_ENUM_CONVERSION = YES;
				CLANG_WARN_INT_CONVERSION = YES;
				CLANG_WARN_OBJC_ROOT_CLASS = YES_ERROR;
				CLANG_WARN__DUPLICATE_METHOD_MATCH = YES;
				"CODE_SIGN_IDENTITY[sdk=iphoneos*]" = "iPhone Developer";
				COPY_PHASE_STRIP = YES;
				ENABLE_NS_ASSERTIONS = NO;
				GCC_C_LANGUAGE_STANDARD = gnu99;
				GCC_WARN_64_TO_32_BIT_CONVERSION = YES;
				GCC_WARN_ABOUT_RETURN_TYPE = YES_ERROR;
				GCC_WARN_UNDECLARED_SELECTOR = YES;
				GCC_WARN_UNINITIALIZED_AUTOS = YES_AGGRESSIVE;
				GCC_WARN_UNUSED_FUNCTION = YES;
				GCC_WARN_UNUSED_VARIABLE = YES;
				IPHONEOS_DEPLOYMENT_TARGET = 7.1;
				SDKROOT = iphoneos;
				TARGETED_DEVICE_FAMILY = "1,2";
				VALIDATE_PRODUCT = YES;
			};
			name = Release;
		};
		489FF95918EC49F800E6F1D0 /* Debug */ = {
			isa = XCBuildConfiguration;
			buildSettings = {
				ASSETCATALOG_COMPILER_APPICON_NAME = AppIcon;
				ASSETCATALOG_COMPILER_LAUNCHIMAGE_NAME = LaunchImage;
				GCC_PRECOMPILE_PREFIX_HEADER = YES;
				GCC_PREFIX_HEADER = "TVMG/TVMG-Prefix.pch";
				INFOPLIST_FILE = "TVMG/TVMG-Info.plist";
				PRODUCT_NAME = "$(TARGET_NAME)";
				WRAPPER_EXTENSION = app;
			};
			name = Debug;
		};
		489FF95A18EC49F800E6F1D0 /* Release */ = {
			isa = XCBuildConfiguration;
			buildSettings = {
				ASSETCATALOG_COMPILER_APPICON_NAME = AppIcon;
				ASSETCATALOG_COMPILER_LAUNCHIMAGE_NAME = LaunchImage;
				GCC_PRECOMPILE_PREFIX_HEADER = YES;
				GCC_PREFIX_HEADER = "TVMG/TVMG-Prefix.pch";
				INFOPLIST_FILE = "TVMG/TVMG-Info.plist";
				PRODUCT_NAME = "$(TARGET_NAME)";
				WRAPPER_EXTENSION = app;
			};
			name = Release;
		};
		489FF95C18EC49F800E6F1D0 /* Debug */ = {
			isa = XCBuildConfiguration;
			buildSettings = {
				BUNDLE_LOADER = "$(BUILT_PRODUCTS_DIR)/TVMG.app/TVMG";
				FRAMEWORK_SEARCH_PATHS = (
					"$(SDKROOT)/Developer/Library/Frameworks",
					"$(inherited)",
					"$(DEVELOPER_FRAMEWORKS_DIR)",
				);
				GCC_PRECOMPILE_PREFIX_HEADER = YES;
				GCC_PREFIX_HEADER = "TVMG/TVMG-Prefix.pch";
				GCC_PREPROCESSOR_DEFINITIONS = (
					"DEBUG=1",
					"$(inherited)",
				);
				INFOPLIST_FILE = "TVMGTests/TVMGTests-Info.plist";
				PRODUCT_NAME = "$(TARGET_NAME)";
				TEST_HOST = "$(BUNDLE_LOADER)";
				WRAPPER_EXTENSION = xctest;
			};
			name = Debug;
		};
		489FF95D18EC49F800E6F1D0 /* Release */ = {
			isa = XCBuildConfiguration;
			buildSettings = {
				BUNDLE_LOADER = "$(BUILT_PRODUCTS_DIR)/TVMG.app/TVMG";
				FRAMEWORK_SEARCH_PATHS = (
					"$(SDKROOT)/Developer/Library/Frameworks",
					"$(inherited)",
					"$(DEVELOPER_FRAMEWORKS_DIR)",
				);
				GCC_PRECOMPILE_PREFIX_HEADER = YES;
				GCC_PREFIX_HEADER = "TVMG/TVMG-Prefix.pch";
				INFOPLIST_FILE = "TVMGTests/TVMGTests-Info.plist";
				PRODUCT_NAME = "$(TARGET_NAME)";
				TEST_HOST = "$(BUNDLE_LOADER)";
				WRAPPER_EXTENSION = xctest;
			};
			name = Release;
		};
/* End XCBuildConfiguration section */

/* Begin XCConfigurationList section */
		489FF91B18EC49F700E6F1D0 /* Build configuration list for PBXProject "TVMG" */ = {
			isa = XCConfigurationList;
			buildConfigurations = (
				489FF95618EC49F800E6F1D0 /* Debug */,
				489FF95718EC49F800E6F1D0 /* Release */,
			);
			defaultConfigurationIsVisible = 0;
			defaultConfigurationName = Release;
		};
		489FF95818EC49F800E6F1D0 /* Build configuration list for PBXNativeTarget "TVMG" */ = {
			isa = XCConfigurationList;
			buildConfigurations = (
				489FF95918EC49F800E6F1D0 /* Debug */,
				489FF95A18EC49F800E6F1D0 /* Release */,
			);
			defaultConfigurationIsVisible = 0;
		};
		489FF95B18EC49F800E6F1D0 /* Build configuration list for PBXNativeTarget "TVMGTests" */ = {
			isa = XCConfigurationList;
			buildConfigurations = (
				489FF95C18EC49F800E6F1D0 /* Debug */,
				489FF95D18EC49F800E6F1D0 /* Release */,
			);
			defaultConfigurationIsVisible = 0;
		};
/* End XCConfigurationList section */
	};
	rootObject = 489FF91818EC49F700E6F1D0 /* Project object */;
}
