// !$*UTF8*$!
{
	archiveVersion = 1;
	classes = {
	};
	objectVersion = 46;
	objects = {

/* Begin PBXBuildFile section */
		4803BCC7190638F400F531A0 /* VMG_Donate_NavigationViewController.m in Sources */ = {isa = PBXBuildFile; fileRef = 4803BCC6190638F400F531A0 /* VMG_Donate_NavigationViewController.m */; };
		4803BCCA1906413900F531A0 /* VMG_DonateDetails_ViewController.m in Sources */ = {isa = PBXBuildFile; fileRef = 4803BCC91906413900F531A0 /* VMG_DonateDetails_ViewController.m */; };
		4816684E190257F500928A06 /* AVFoundation.framework in Frameworks */ = {isa = PBXBuildFile; fileRef = 4816684D190257F500928A06 /* AVFoundation.framework */; };
		4819B2F6190827A300170EFE /* VMG_LocationDetails_ViewController.m in Sources */ = {isa = PBXBuildFile; fileRef = 4819B2F5190827A300170EFE /* VMG_LocationDetails_ViewController.m */; };
		4819B2F919085CFE00170EFE /* VMG_DiscourseDetail_ViewController.m in Sources */ = {isa = PBXBuildFile; fileRef = 4819B2F819085CFE00170EFE /* VMG_DiscourseDetail_ViewController.m */; };
		481C0A2E1900416A00A48ACF /* VMG_GuidesNavigation_ViewController.m in Sources */ = {isa = PBXBuildFile; fileRef = 481C0A2D1900416900A48ACF /* VMG_GuidesNavigation_ViewController.m */; };
		481FBB8318F397510008E3BA /* VMG_Login_ViewController.m in Sources */ = {isa = PBXBuildFile; fileRef = 481FBB8218F397510008E3BA /* VMG_Login_ViewController.m */; };
		481FBB8B18F397BA0008E3BA /* VMG_Signup_ViewController.m in Sources */ = {isa = PBXBuildFile; fileRef = 481FBB8A18F397BA0008E3BA /* VMG_Signup_ViewController.m */; };
		48311CB71909068B004FDA38 /* EECircularMusicPlayerDACircularProgressView.m in Sources */ = {isa = PBXBuildFile; fileRef = 48311CB21909068B004FDA38 /* EECircularMusicPlayerDACircularProgressView.m */; };
		48311CBA1909068B004FDA38 /* EECircularMusicPlayerControl.m in Sources */ = {isa = PBXBuildFile; fileRef = 48311CB61909068B004FDA38 /* EECircularMusicPlayerControl.m */; };
		484828CC18F5380400095D30 /* VMG_TimerSettings_ViewController.m in Sources */ = {isa = PBXBuildFile; fileRef = 484828CB18F5380400095D30 /* VMG_TimerSettings_ViewController.m */; };
		485DDFE61908F29300F00ABD /* VMG_DiscourseText_ViewController.m in Sources */ = {isa = PBXBuildFile; fileRef = 485DDFE51908F29300F00ABD /* VMG_DiscourseText_ViewController.m */; };
		4882377F1905482B00D94F66 /* ISRefresgControlIcon.png in Resources */ = {isa = PBXBuildFile; fileRef = 488237731905482B00D94F66 /* ISRefresgControlIcon.png */; };
		488237801905482B00D94F66 /* ISRefresgControlIcon@2x.png in Resources */ = {isa = PBXBuildFile; fileRef = 488237741905482B00D94F66 /* ISRefresgControlIcon@2x.png */; };
		488237811905482B00D94F66 /* ISGumView.m in Sources */ = {isa = PBXBuildFile; fileRef = 488237761905482B00D94F66 /* ISGumView.m */; };
		488237821905482B00D94F66 /* ISRefreshControl.m in Sources */ = {isa = PBXBuildFile; fileRef = 488237781905482B00D94F66 /* ISRefreshControl.m */; };
		488237831905482B00D94F66 /* ISUtility.m in Sources */ = {isa = PBXBuildFile; fileRef = 4882377A1905482B00D94F66 /* ISUtility.m */; };
		488237841905482B00D94F66 /* UIActivityIndicatorView+ScaleAnimation.m in Sources */ = {isa = PBXBuildFile; fileRef = 4882377C1905482B00D94F66 /* UIActivityIndicatorView+ScaleAnimation.m */; };
		488237851905482B00D94F66 /* UITableViewController+RefreshControl.m in Sources */ = {isa = PBXBuildFile; fileRef = 4882377E1905482B00D94F66 /* UITableViewController+RefreshControl.m */; };
		488237881905484100D94F66 /* TwitterAdapter.m in Sources */ = {isa = PBXBuildFile; fileRef = 488237871905484100D94F66 /* TwitterAdapter.m */; };
		488237911905487A00D94F66 /* Utils.m in Sources */ = {isa = PBXBuildFile; fileRef = 488237901905487A00D94F66 /* Utils.m */; };
		4882379519057A5A00D94F66 /* VMG_Stories_NavigationViewController.m in Sources */ = {isa = PBXBuildFile; fileRef = 4882379419057A5A00D94F66 /* VMG_Stories_NavigationViewController.m */; };
		4899E726190BAEDE00E28EEE /* goenka_guidedMeditation_intro.mp3 in Resources */ = {isa = PBXBuildFile; fileRef = 4899E724190BAEDE00E28EEE /* goenka_guidedMeditation_intro.mp3 */; };
		4899E727190BAEDE00E28EEE /* goenka_guidedMeditation_end_01.mp3 in Resources */ = {isa = PBXBuildFile; fileRef = 4899E725190BAEDE00E28EEE /* goenka_guidedMeditation_end_01.mp3 */; };
		4899E778190D151200E28EEE /* ZGCountDownTimer.m in Sources */ = {isa = PBXBuildFile; fileRef = 4899E777190D151200E28EEE /* ZGCountDownTimer.m */; };
		4899E77A190D761E00E28EEE /* gongNotification.mp3 in Resources */ = {isa = PBXBuildFile; fileRef = 4899E779190D761E00E28EEE /* gongNotification.mp3 */; };
		489FF92418EC49F700E6F1D0 /* Foundation.framework in Frameworks */ = {isa = PBXBuildFile; fileRef = 489FF92318EC49F700E6F1D0 /* Foundation.framework */; };
		489FF92618EC49F700E6F1D0 /* CoreGraphics.framework in Frameworks */ = {isa = PBXBuildFile; fileRef = 489FF92518EC49F700E6F1D0 /* CoreGraphics.framework */; };
		489FF92818EC49F700E6F1D0 /* UIKit.framework in Frameworks */ = {isa = PBXBuildFile; fileRef = 489FF92718EC49F700E6F1D0 /* UIKit.framework */; };
		489FF92E18EC49F700E6F1D0 /* InfoPlist.strings in Resources */ = {isa = PBXBuildFile; fileRef = 489FF92C18EC49F700E6F1D0 /* InfoPlist.strings */; };
		489FF93018EC49F700E6F1D0 /* main.m in Sources */ = {isa = PBXBuildFile; fileRef = 489FF92F18EC49F700E6F1D0 /* main.m */; };
		489FF93418EC49F800E6F1D0 /* VMGAppDelegate.m in Sources */ = {isa = PBXBuildFile; fileRef = 489FF93318EC49F800E6F1D0 /* VMGAppDelegate.m */; };
		489FF93718EC49F800E6F1D0 /* Main_iPhone.storyboard in Resources */ = {isa = PBXBuildFile; fileRef = 489FF93518EC49F800E6F1D0 /* Main_iPhone.storyboard */; };
		489FF93A18EC49F800E6F1D0 /* Main_iPad.storyboard in Resources */ = {isa = PBXBuildFile; fileRef = 489FF93818EC49F800E6F1D0 /* Main_iPad.storyboard */; };
		489FF93D18EC49F800E6F1D0 /* VMG_Profile_ViewController.m in Sources */ = {isa = PBXBuildFile; fileRef = 489FF93C18EC49F800E6F1D0 /* VMG_Profile_ViewController.m */; };
		489FF94018EC49F800E6F1D0 /* VMG_Meditate_ViewController.m in Sources */ = {isa = PBXBuildFile; fileRef = 489FF93F18EC49F800E6F1D0 /* VMG_Meditate_ViewController.m */; };
		489FF94218EC49F800E6F1D0 /* Images.xcassets in Resources */ = {isa = PBXBuildFile; fileRef = 489FF94118EC49F800E6F1D0 /* Images.xcassets */; };
		489FF94918EC49F800E6F1D0 /* XCTest.framework in Frameworks */ = {isa = PBXBuildFile; fileRef = 489FF94818EC49F800E6F1D0 /* XCTest.framework */; };
		489FF94A18EC49F800E6F1D0 /* Foundation.framework in Frameworks */ = {isa = PBXBuildFile; fileRef = 489FF92318EC49F700E6F1D0 /* Foundation.framework */; };
		489FF94B18EC49F800E6F1D0 /* UIKit.framework in Frameworks */ = {isa = PBXBuildFile; fileRef = 489FF92718EC49F700E6F1D0 /* UIKit.framework */; };
		489FF95318EC49F800E6F1D0 /* InfoPlist.strings in Resources */ = {isa = PBXBuildFile; fileRef = 489FF95118EC49F800E6F1D0 /* InfoPlist.strings */; };
		489FF95518EC49F800E6F1D0 /* TVMGTests.m in Sources */ = {isa = PBXBuildFile; fileRef = 489FF95418EC49F800E6F1D0 /* TVMGTests.m */; };
		489FF96418EC5B6D00E6F1D0 /* VMG_Guides_ViewController.m in Sources */ = {isa = PBXBuildFile; fileRef = 489FF96318EC5B6D00E6F1D0 /* VMG_Guides_ViewController.m */; };
		489FF96718EC5B7F00E6F1D0 /* VMG_Stories_ViewController.m in Sources */ = {isa = PBXBuildFile; fileRef = 489FF96618EC5B7F00E6F1D0 /* VMG_Stories_ViewController.m */; };
		489FF96A18EC5B9000E6F1D0 /* VMG_Donate_ViewController.m in Sources */ = {isa = PBXBuildFile; fileRef = 489FF96918EC5B9000E6F1D0 /* VMG_Donate_ViewController.m */; };
		489FF97118EC641900E6F1D0 /* Parse.framework in Frameworks */ = {isa = PBXBuildFile; fileRef = 489FF97018EC641900E6F1D0 /* Parse.framework */; };
		489FF97318EC64BE00E6F1D0 /* AudioToolbox.framework in Frameworks */ = {isa = PBXBuildFile; fileRef = 489FF97218EC64BE00E6F1D0 /* AudioToolbox.framework */; };
		489FF97518EC64D100E6F1D0 /* CFNetwork.framework in Frameworks */ = {isa = PBXBuildFile; fileRef = 489FF97418EC64D100E6F1D0 /* CFNetwork.framework */; };
		489FF97718EC64E200E6F1D0 /* CoreLocation.framework in Frameworks */ = {isa = PBXBuildFile; fileRef = 489FF97618EC64E200E6F1D0 /* CoreLocation.framework */; };
		489FF97918EC64ED00E6F1D0 /* libz.dylib in Frameworks */ = {isa = PBXBuildFile; fileRef = 489FF97818EC64ED00E6F1D0 /* libz.dylib */; };
		489FF97B18EC64F700E6F1D0 /* MobileCoreServices.framework in Frameworks */ = {isa = PBXBuildFile; fileRef = 489FF97A18EC64F700E6F1D0 /* MobileCoreServices.framework */; };
		489FF97D18EC650000E6F1D0 /* QuartzCore.framework in Frameworks */ = {isa = PBXBuildFile; fileRef = 489FF97C18EC650000E6F1D0 /* QuartzCore.framework */; };
		489FF97F18EC650700E6F1D0 /* Security.framework in Frameworks */ = {isa = PBXBuildFile; fileRef = 489FF97E18EC650700E6F1D0 /* Security.framework */; };
		489FF98118EC650E00E6F1D0 /* StoreKit.framework in Frameworks */ = {isa = PBXBuildFile; fileRef = 489FF98018EC650E00E6F1D0 /* StoreKit.framework */; };
		489FF98318EC651E00E6F1D0 /* SystemConfiguration.framework in Frameworks */ = {isa = PBXBuildFile; fileRef = 489FF98218EC651E00E6F1D0 /* SystemConfiguration.framework */; };
		48B7F32118FFA5B500D89F60 /* VMG_Guides_UICollectionViewCell.m in Sources */ = {isa = PBXBuildFile; fileRef = 48B7F32018FFA5B500D89F60 /* VMG_Guides_UICollectionViewCell.m */; };
		48B7F32418FFB0F900D89F60 /* VMG_GuideDetails_ViewController.m in Sources */ = {isa = PBXBuildFile; fileRef = 48B7F32318FFB0F900D89F60 /* VMG_GuideDetails_ViewController.m */; };
		48C2936619027739000E8357 /* NSDateFormatter+STTwitter.m in Sources */ = {isa = PBXBuildFile; fileRef = 48C2934A19027739000E8357 /* NSDateFormatter+STTwitter.m */; };
		48C2936719027739000E8357 /* NSError+STTwitter.m in Sources */ = {isa = PBXBuildFile; fileRef = 48C2934C19027739000E8357 /* NSError+STTwitter.m */; };
		48C2936819027739000E8357 /* NSString+STTwitter.m in Sources */ = {isa = PBXBuildFile; fileRef = 48C2934E19027739000E8357 /* NSString+STTwitter.m */; };
		48C2936919027739000E8357 /* STHTTPRequest+STTwitter.m in Sources */ = {isa = PBXBuildFile; fileRef = 48C2935019027739000E8357 /* STHTTPRequest+STTwitter.m */; };
		48C2936A19027739000E8357 /* STTwitterAPI.m in Sources */ = {isa = PBXBuildFile; fileRef = 48C2935319027739000E8357 /* STTwitterAPI.m */; };
		48C2936B19027739000E8357 /* STTwitterAppOnly.m in Sources */ = {isa = PBXBuildFile; fileRef = 48C2935519027739000E8357 /* STTwitterAppOnly.m */; };
		48C2936C19027739000E8357 /* STTwitterHTML.m in Sources */ = {isa = PBXBuildFile; fileRef = 48C2935719027739000E8357 /* STTwitterHTML.m */; };
		48C2936D19027739000E8357 /* STTwitterOAuth.m in Sources */ = {isa = PBXBuildFile; fileRef = 48C2935919027739000E8357 /* STTwitterOAuth.m */; };
		48C2936E19027739000E8357 /* STTwitterOS.m in Sources */ = {isa = PBXBuildFile; fileRef = 48C2935B19027739000E8357 /* STTwitterOS.m */; };
		48C2936F19027739000E8357 /* STTwitterOSRequest.m in Sources */ = {isa = PBXBuildFile; fileRef = 48C2935D19027739000E8357 /* STTwitterOSRequest.m */; };
		48C2937019027739000E8357 /* BAVPlistNode.m in Sources */ = {isa = PBXBuildFile; fileRef = 48C2936119027739000E8357 /* BAVPlistNode.m */; };
		48C2937119027739000E8357 /* JSONSyntaxHighlight.m in Sources */ = {isa = PBXBuildFile; fileRef = 48C2936319027739000E8357 /* JSONSyntaxHighlight.m */; };
		48C2937219027739000E8357 /* STHTTPRequest.m in Sources */ = {isa = PBXBuildFile; fileRef = 48C2936519027739000E8357 /* STHTTPRequest.m */; };
		48C2937419027777000E8357 /* Accounts.framework in Frameworks */ = {isa = PBXBuildFile; fileRef = 48C2937319027777000E8357 /* Accounts.framework */; };
		48C293761902777D000E8357 /* Twitter.framework in Frameworks */ = {isa = PBXBuildFile; fileRef = 48C293751902777D000E8357 /* Twitter.framework */; };
		48C2937819027783000E8357 /* Social.framework in Frameworks */ = {isa = PBXBuildFile; fileRef = 48C2937719027783000E8357 /* Social.framework */; };
		48C2937B190289AF000E8357 /* VMG_Stories_CollectionViewCell.m in Sources */ = {isa = PBXBuildFile; fileRef = 48C2937A190289AF000E8357 /* VMG_Stories_CollectionViewCell.m */; };
		48C293811902CDA2000E8357 /* FTCoreTextStyle.m in Sources */ = {isa = PBXBuildFile; fileRef = 48C2937E1902CDA2000E8357 /* FTCoreTextStyle.m */; };
		48C293821902CDA2000E8357 /* FTCoreTextView.m in Sources */ = {isa = PBXBuildFile; fileRef = 48C293801902CDA2000E8357 /* FTCoreTextView.m */; };
		48C293841902CDB2000E8357 /* CoreText.framework in Frameworks */ = {isa = PBXBuildFile; fileRef = 48C293831902CDB2000E8357 /* CoreText.framework */; };
		48EA7C22190A524B006F620E /* forewordText.txt in Resources */ = {isa = PBXBuildFile; fileRef = 48EA7C21190A524B006F620E /* forewordText.txt */; };
		48EA7C24190A5420006F620E /* dayOneText.txt in Resources */ = {isa = PBXBuildFile; fileRef = 48EA7C23190A5420006F620E /* dayOneText.txt */; };
		48EA7C26190A58FB006F620E /* dayTwoText.txt in Resources */ = {isa = PBXBuildFile; fileRef = 48EA7C25190A58FB006F620E /* dayTwoText.txt */; };
		48EA7C28190A5DDA006F620E /* dayThreeText.txt in Resources */ = {isa = PBXBuildFile; fileRef = 48EA7C27190A5DDA006F620E /* dayThreeText.txt */; };
		48EA7C31190A6353006F620E /* daySixText.txt in Resources */ = {isa = PBXBuildFile; fileRef = 48EA7C29190A6353006F620E /* daySixText.txt */; };
		48EA7C32190A6353006F620E /* dayNineText.txt in Resources */ = {isa = PBXBuildFile; fileRef = 48EA7C2A190A6353006F620E /* dayNineText.txt */; };
		48EA7C33190A6353006F620E /* dayElevenText.txt in Resources */ = {isa = PBXBuildFile; fileRef = 48EA7C2B190A6353006F620E /* dayElevenText.txt */; };
		48EA7C34190A6353006F620E /* dayFiveText.txt in Resources */ = {isa = PBXBuildFile; fileRef = 48EA7C2C190A6353006F620E /* dayFiveText.txt */; };
		48EA7C35190A6353006F620E /* dayFourText.txt in Resources */ = {isa = PBXBuildFile; fileRef = 48EA7C2D190A6353006F620E /* dayFourText.txt */; };
		48EA7C36190A6353006F620E /* dayTenText.txt in Resources */ = {isa = PBXBuildFile; fileRef = 48EA7C2E190A6353006F620E /* dayTenText.txt */; };
		48EA7C37190A6353006F620E /* daySevenText.txt in Resources */ = {isa = PBXBuildFile; fileRef = 48EA7C2F190A6353006F620E /* daySevenText.txt */; };
		48EA7C38190A6353006F620E /* dayEightText.txt in Resources */ = {isa = PBXBuildFile; fileRef = 48EA7C30190A6353006F620E /* dayEightText.txt */; };
		48F3203E18F2AF14004802B8 /* MBProgressHUD.m in Sources */ = {isa = PBXBuildFile; fileRef = 48F3203D18F2AF14004802B8 /* MBProgressHUD.m */; };
		48FB0E4418FE9CA200057843 /* TLSpringFlowLayout.m in Sources */ = {isa = PBXBuildFile; fileRef = 48FB0E4318FE9CA200057843 /* TLSpringFlowLayout.m */; };
		48FD28FA18FE52F3001FC024 /* PXAlertView+Customization.m in Sources */ = {isa = PBXBuildFile; fileRef = 48FD28F718FE52F3001FC024 /* PXAlertView+Customization.m */; };
		48FD28FB18FE52F3001FC024 /* PXAlertView.m in Sources */ = {isa = PBXBuildFile; fileRef = 48FD28F918FE52F3001FC024 /* PXAlertView.m */; };
		48FD290518FE530A001FC024 /* SimpleAudioPlayer.m in Sources */ = {isa = PBXBuildFile; fileRef = 48FD290118FE530A001FC024 /* SimpleAudioPlayer.m */; };
		48FD290818FE5336001FC024 /* FTWCache.m in Sources */ = {isa = PBXBuildFile; fileRef = 48FD290718FE5336001FC024 /* FTWCache.m */; };
/* End PBXBuildFile section */

/* Begin PBXContainerItemProxy section */
		489FF94C18EC49F800E6F1D0 /* PBXContainerItemProxy */ = {
			isa = PBXContainerItemProxy;
			containerPortal = 489FF91818EC49F700E6F1D0 /* Project object */;
			proxyType = 1;
			remoteGlobalIDString = 489FF91F18EC49F700E6F1D0;
			remoteInfo = TVMG;
		};
/* End PBXContainerItemProxy section */

/* Begin PBXFileReference section */
		4803BCC5190638F400F531A0 /* VMG_Donate_NavigationViewController.h */ = {isa = PBXFileReference; fileEncoding = 4; lastKnownFileType = sourcecode.c.h; path = VMG_Donate_NavigationViewController.h; sourceTree = "<group>"; };
		4803BCC6190638F400F531A0 /* VMG_Donate_NavigationViewController.m */ = {isa = PBXFileReference; fileEncoding = 4; lastKnownFileType = sourcecode.c.objc; path = VMG_Donate_NavigationViewController.m; sourceTree = "<group>"; };
		4803BCC81906413900F531A0 /* VMG_DonateDetails_ViewController.h */ = {isa = PBXFileReference; fileEncoding = 4; lastKnownFileType = sourcecode.c.h; path = VMG_DonateDetails_ViewController.h; sourceTree = "<group>"; };
		4803BCC91906413900F531A0 /* VMG_DonateDetails_ViewController.m */ = {isa = PBXFileReference; fileEncoding = 4; lastKnownFileType = sourcecode.c.objc; path = VMG_DonateDetails_ViewController.m; sourceTree = "<group>"; };
		4816684B1902570500928A06 /* MediaPlayer.framework */ = {isa = PBXFileReference; lastKnownFileType = wrapper.framework; name = MediaPlayer.framework; path = System/Library/Frameworks/MediaPlayer.framework; sourceTree = SDKROOT; };
		4816684D190257F500928A06 /* AVFoundation.framework */ = {isa = PBXFileReference; lastKnownFileType = wrapper.framework; name = AVFoundation.framework; path = System/Library/Frameworks/AVFoundation.framework; sourceTree = SDKROOT; };
		4819B2F4190827A300170EFE /* VMG_LocationDetails_ViewController.h */ = {isa = PBXFileReference; fileEncoding = 4; lastKnownFileType = sourcecode.c.h; path = VMG_LocationDetails_ViewController.h; sourceTree = "<group>"; };
		4819B2F5190827A300170EFE /* VMG_LocationDetails_ViewController.m */ = {isa = PBXFileReference; fileEncoding = 4; lastKnownFileType = sourcecode.c.objc; path = VMG_LocationDetails_ViewController.m; sourceTree = "<group>"; };
		4819B2F719085CFE00170EFE /* VMG_DiscourseDetail_ViewController.h */ = {isa = PBXFileReference; fileEncoding = 4; lastKnownFileType = sourcecode.c.h; path = VMG_DiscourseDetail_ViewController.h; sourceTree = "<group>"; };
		4819B2F819085CFE00170EFE /* VMG_DiscourseDetail_ViewController.m */ = {isa = PBXFileReference; fileEncoding = 4; lastKnownFileType = sourcecode.c.objc; path = VMG_DiscourseDetail_ViewController.m; sourceTree = "<group>"; };
		481C0A2C1900416900A48ACF /* VMG_GuidesNavigation_ViewController.h */ = {isa = PBXFileReference; fileEncoding = 4; lastKnownFileType = sourcecode.c.h; path = VMG_GuidesNavigation_ViewController.h; sourceTree = "<group>"; };
		481C0A2D1900416900A48ACF /* VMG_GuidesNavigation_ViewController.m */ = {isa = PBXFileReference; fileEncoding = 4; lastKnownFileType = sourcecode.c.objc; path = VMG_GuidesNavigation_ViewController.m; sourceTree = "<group>"; };
		481FBB8118F397510008E3BA /* VMG_Login_ViewController.h */ = {isa = PBXFileReference; fileEncoding = 4; lastKnownFileType = sourcecode.c.h; path = VMG_Login_ViewController.h; sourceTree = "<group>"; };
		481FBB8218F397510008E3BA /* VMG_Login_ViewController.m */ = {isa = PBXFileReference; fileEncoding = 4; lastKnownFileType = sourcecode.c.objc; path = VMG_Login_ViewController.m; sourceTree = "<group>"; };
		481FBB8918F397BA0008E3BA /* VMG_Signup_ViewController.h */ = {isa = PBXFileReference; fileEncoding = 4; lastKnownFileType = sourcecode.c.h; path = VMG_Signup_ViewController.h; sourceTree = "<group>"; };
		481FBB8A18F397BA0008E3BA /* VMG_Signup_ViewController.m */ = {isa = PBXFileReference; fileEncoding = 4; lastKnownFileType = sourcecode.c.objc; path = VMG_Signup_ViewController.m; sourceTree = "<group>"; };
		48311C8919090220004FDA38 /* MessageUI.framework */ = {isa = PBXFileReference; lastKnownFileType = wrapper.framework; name = MessageUI.framework; path = System/Library/Frameworks/MessageUI.framework; sourceTree = SDKROOT; };
		48311CB11909068B004FDA38 /* EECircularMusicPlayerDACircularProgressView.h */ = {isa = PBXFileReference; fileEncoding = 4; lastKnownFileType = sourcecode.c.h; path = EECircularMusicPlayerDACircularProgressView.h; sourceTree = "<group>"; };
		48311CB21909068B004FDA38 /* EECircularMusicPlayerDACircularProgressView.m */ = {isa = PBXFileReference; fileEncoding = 4; lastKnownFileType = sourcecode.c.objc; path = EECircularMusicPlayerDACircularProgressView.m; sourceTree = "<group>"; };
		48311CB51909068B004FDA38 /* EECircularMusicPlayerControl.h */ = {isa = PBXFileReference; fileEncoding = 4; lastKnownFileType = sourcecode.c.h; path = EECircularMusicPlayerControl.h; sourceTree = "<group>"; };
		48311CB61909068B004FDA38 /* EECircularMusicPlayerControl.m */ = {isa = PBXFileReference; fileEncoding = 4; lastKnownFileType = sourcecode.c.objc; path = EECircularMusicPlayerControl.m; sourceTree = "<group>"; };
		484828CA18F5380400095D30 /* VMG_TimerSettings_ViewController.h */ = {isa = PBXFileReference; fileEncoding = 4; lastKnownFileType = sourcecode.c.h; path = VMG_TimerSettings_ViewController.h; sourceTree = "<group>"; };
		484828CB18F5380400095D30 /* VMG_TimerSettings_ViewController.m */ = {isa = PBXFileReference; fileEncoding = 4; lastKnownFileType = sourcecode.c.objc; path = VMG_TimerSettings_ViewController.m; sourceTree = "<group>"; };
		485DDFE41908F29300F00ABD /* VMG_DiscourseText_ViewController.h */ = {isa = PBXFileReference; fileEncoding = 4; lastKnownFileType = sourcecode.c.h; path = VMG_DiscourseText_ViewController.h; sourceTree = "<group>"; };
		485DDFE51908F29300F00ABD /* VMG_DiscourseText_ViewController.m */ = {isa = PBXFileReference; fileEncoding = 4; lastKnownFileType = sourcecode.c.objc; path = VMG_DiscourseText_ViewController.m; sourceTree = "<group>"; };
		488237731905482B00D94F66 /* ISRefresgControlIcon.png */ = {isa = PBXFileReference; lastKnownFileType = image.png; path = ISRefresgControlIcon.png; sourceTree = "<group>"; };
		488237741905482B00D94F66 /* ISRefresgControlIcon@2x.png */ = {isa = PBXFileReference; lastKnownFileType = image.png; path = "ISRefresgControlIcon@2x.png"; sourceTree = "<group>"; };
		488237751905482B00D94F66 /* ISGumView.h */ = {isa = PBXFileReference; fileEncoding = 4; lastKnownFileType = sourcecode.c.h; path = ISGumView.h; sourceTree = "<group>"; };
		488237761905482B00D94F66 /* ISGumView.m */ = {isa = PBXFileReference; fileEncoding = 4; lastKnownFileType = sourcecode.c.objc; path = ISGumView.m; sourceTree = "<group>"; };
		488237771905482B00D94F66 /* ISRefreshControl.h */ = {isa = PBXFileReference; fileEncoding = 4; lastKnownFileType = sourcecode.c.h; path = ISRefreshControl.h; sourceTree = "<group>"; };
		488237781905482B00D94F66 /* ISRefreshControl.m */ = {isa = PBXFileReference; fileEncoding = 4; lastKnownFileType = sourcecode.c.objc; path = ISRefreshControl.m; sourceTree = "<group>"; };
		488237791905482B00D94F66 /* ISUtility.h */ = {isa = PBXFileReference; fileEncoding = 4; lastKnownFileType = sourcecode.c.h; path = ISUtility.h; sourceTree = "<group>"; };
		4882377A1905482B00D94F66 /* ISUtility.m */ = {isa = PBXFileReference; fileEncoding = 4; lastKnownFileType = sourcecode.c.objc; path = ISUtility.m; sourceTree = "<group>"; };
		4882377B1905482B00D94F66 /* UIActivityIndicatorView+ScaleAnimation.h */ = {isa = PBXFileReference; fileEncoding = 4; lastKnownFileType = sourcecode.c.h; path = "UIActivityIndicatorView+ScaleAnimation.h"; sourceTree = "<group>"; };
		4882377C1905482B00D94F66 /* UIActivityIndicatorView+ScaleAnimation.m */ = {isa = PBXFileReference; fileEncoding = 4; lastKnownFileType = sourcecode.c.objc; path = "UIActivityIndicatorView+ScaleAnimation.m"; sourceTree = "<group>"; };
		4882377D1905482B00D94F66 /* UITableViewController+RefreshControl.h */ = {isa = PBXFileReference; fileEncoding = 4; lastKnownFileType = sourcecode.c.h; path = "UITableViewController+RefreshControl.h"; sourceTree = "<group>"; };
		4882377E1905482B00D94F66 /* UITableViewController+RefreshControl.m */ = {isa = PBXFileReference; fileEncoding = 4; lastKnownFileType = sourcecode.c.objc; path = "UITableViewController+RefreshControl.m"; sourceTree = "<group>"; };
		488237861905484100D94F66 /* TwitterAdapter.h */ = {isa = PBXFileReference; fileEncoding = 4; lastKnownFileType = sourcecode.c.h; path = TwitterAdapter.h; sourceTree = "<group>"; };
		488237871905484100D94F66 /* TwitterAdapter.m */ = {isa = PBXFileReference; fileEncoding = 4; lastKnownFileType = sourcecode.c.objc; path = TwitterAdapter.m; sourceTree = "<group>"; };
		4882378F1905487A00D94F66 /* Utils.h */ = {isa = PBXFileReference; fileEncoding = 4; lastKnownFileType = sourcecode.c.h; path = Utils.h; sourceTree = "<group>"; };
		488237901905487A00D94F66 /* Utils.m */ = {isa = PBXFileReference; fileEncoding = 4; lastKnownFileType = sourcecode.c.objc; path = Utils.m; sourceTree = "<group>"; };
		4882379319057A5A00D94F66 /* VMG_Stories_NavigationViewController.h */ = {isa = PBXFileReference; fileEncoding = 4; lastKnownFileType = sourcecode.c.h; path = VMG_Stories_NavigationViewController.h; sourceTree = "<group>"; };
		4882379419057A5A00D94F66 /* VMG_Stories_NavigationViewController.m */ = {isa = PBXFileReference; fileEncoding = 4; lastKnownFileType = sourcecode.c.objc; path = VMG_Stories_NavigationViewController.m; sourceTree = "<group>"; };
		4899E724190BAEDE00E28EEE /* goenka_guidedMeditation_intro.mp3 */ = {isa = PBXFileReference; lastKnownFileType = audio.mp3; path = goenka_guidedMeditation_intro.mp3; sourceTree = "<group>"; };
		4899E725190BAEDE00E28EEE /* goenka_guidedMeditation_end_01.mp3 */ = {isa = PBXFileReference; lastKnownFileType = audio.mp3; path = goenka_guidedMeditation_end_01.mp3; sourceTree = "<group>"; };
		4899E776190D151200E28EEE /* ZGCountDownTimer.h */ = {isa = PBXFileReference; fileEncoding = 4; lastKnownFileType = sourcecode.c.h; path = ZGCountDownTimer.h; sourceTree = "<group>"; };
		4899E777190D151200E28EEE /* ZGCountDownTimer.m */ = {isa = PBXFileReference; fileEncoding = 4; lastKnownFileType = sourcecode.c.objc; path = ZGCountDownTimer.m; sourceTree = "<group>"; };
		4899E779190D761E00E28EEE /* gongNotification.mp3 */ = {isa = PBXFileReference; lastKnownFileType = audio.mp3; path = gongNotification.mp3; sourceTree = "<group>"; };
		489FF92018EC49F700E6F1D0 /* TVMG.app */ = {isa = PBXFileReference; explicitFileType = wrapper.application; includeInIndex = 0; path = TVMG.app; sourceTree = BUILT_PRODUCTS_DIR; };
		489FF92318EC49F700E6F1D0 /* Foundation.framework */ = {isa = PBXFileReference; lastKnownFileType = wrapper.framework; name = Foundation.framework; path = System/Library/Frameworks/Foundation.framework; sourceTree = SDKROOT; };
		489FF92518EC49F700E6F1D0 /* CoreGraphics.framework */ = {isa = PBXFileReference; lastKnownFileType = wrapper.framework; name = CoreGraphics.framework; path = System/Library/Frameworks/CoreGraphics.framework; sourceTree = SDKROOT; };
		489FF92718EC49F700E6F1D0 /* UIKit.framework */ = {isa = PBXFileReference; lastKnownFileType = wrapper.framework; name = UIKit.framework; path = System/Library/Frameworks/UIKit.framework; sourceTree = SDKROOT; };
		489FF92B18EC49F700E6F1D0 /* TVMG-Info.plist */ = {isa = PBXFileReference; lastKnownFileType = text.plist.xml; path = "TVMG-Info.plist"; sourceTree = "<group>"; };
		489FF92D18EC49F700E6F1D0 /* en */ = {isa = PBXFileReference; lastKnownFileType = text.plist.strings; name = en; path = en.lproj/InfoPlist.strings; sourceTree = "<group>"; };
		489FF92F18EC49F700E6F1D0 /* main.m */ = {isa = PBXFileReference; lastKnownFileType = sourcecode.c.objc; path = main.m; sourceTree = "<group>"; };
		489FF93118EC49F700E6F1D0 /* TVMG-Prefix.pch */ = {isa = PBXFileReference; lastKnownFileType = sourcecode.c.h; path = "TVMG-Prefix.pch"; sourceTree = "<group>"; };
		489FF93218EC49F700E6F1D0 /* VMGAppDelegate.h */ = {isa = PBXFileReference; lastKnownFileType = sourcecode.c.h; path = VMGAppDelegate.h; sourceTree = "<group>"; };
		489FF93318EC49F800E6F1D0 /* VMGAppDelegate.m */ = {isa = PBXFileReference; lastKnownFileType = sourcecode.c.objc; path = VMGAppDelegate.m; sourceTree = "<group>"; };
		489FF93618EC49F800E6F1D0 /* Base */ = {isa = PBXFileReference; lastKnownFileType = file.storyboard; name = Base; path = Base.lproj/Main_iPhone.storyboard; sourceTree = "<group>"; };
		489FF93918EC49F800E6F1D0 /* Base */ = {isa = PBXFileReference; lastKnownFileType = file.storyboard; name = Base; path = Base.lproj/Main_iPad.storyboard; sourceTree = "<group>"; };
		489FF93B18EC49F800E6F1D0 /* VMG_Profile_ViewController.h */ = {isa = PBXFileReference; lastKnownFileType = sourcecode.c.h; path = VMG_Profile_ViewController.h; sourceTree = "<group>"; };
		489FF93C18EC49F800E6F1D0 /* VMG_Profile_ViewController.m */ = {isa = PBXFileReference; lastKnownFileType = sourcecode.c.objc; path = VMG_Profile_ViewController.m; sourceTree = "<group>"; };
		489FF93E18EC49F800E6F1D0 /* VMG_Meditate_ViewController.h */ = {isa = PBXFileReference; lastKnownFileType = sourcecode.c.h; path = VMG_Meditate_ViewController.h; sourceTree = "<group>"; };
		489FF93F18EC49F800E6F1D0 /* VMG_Meditate_ViewController.m */ = {isa = PBXFileReference; lastKnownFileType = sourcecode.c.objc; path = VMG_Meditate_ViewController.m; sourceTree = "<group>"; };
		489FF94118EC49F800E6F1D0 /* Images.xcassets */ = {isa = PBXFileReference; lastKnownFileType = folder.assetcatalog; path = Images.xcassets; sourceTree = "<group>"; };
		489FF94718EC49F800E6F1D0 /* TVMGTests.xctest */ = {isa = PBXFileReference; explicitFileType = wrapper.cfbundle; includeInIndex = 0; path = TVMGTests.xctest; sourceTree = BUILT_PRODUCTS_DIR; };
		489FF94818EC49F800E6F1D0 /* XCTest.framework */ = {isa = PBXFileReference; lastKnownFileType = wrapper.framework; name = XCTest.framework; path = Library/Frameworks/XCTest.framework; sourceTree = DEVELOPER_DIR; };
		489FF95018EC49F800E6F1D0 /* TVMGTests-Info.plist */ = {isa = PBXFileReference; lastKnownFileType = text.plist.xml; path = "TVMGTests-Info.plist"; sourceTree = "<group>"; };
		489FF95218EC49F800E6F1D0 /* en */ = {isa = PBXFileReference; lastKnownFileType = text.plist.strings; name = en; path = en.lproj/InfoPlist.strings; sourceTree = "<group>"; };
		489FF95418EC49F800E6F1D0 /* TVMGTests.m */ = {isa = PBXFileReference; lastKnownFileType = sourcecode.c.objc; path = TVMGTests.m; sourceTree = "<group>"; };
		489FF96218EC5B6D00E6F1D0 /* VMG_Guides_ViewController.h */ = {isa = PBXFileReference; fileEncoding = 4; lastKnownFileType = sourcecode.c.h; path = VMG_Guides_ViewController.h; sourceTree = "<group>"; };
		489FF96318EC5B6D00E6F1D0 /* VMG_Guides_ViewController.m */ = {isa = PBXFileReference; fileEncoding = 4; lastKnownFileType = sourcecode.c.objc; path = VMG_Guides_ViewController.m; sourceTree = "<group>"; };
		489FF96518EC5B7F00E6F1D0 /* VMG_Stories_ViewController.h */ = {isa = PBXFileReference; fileEncoding = 4; lastKnownFileType = sourcecode.c.h; path = VMG_Stories_ViewController.h; sourceTree = "<group>"; };
		489FF96618EC5B7F00E6F1D0 /* VMG_Stories_ViewController.m */ = {isa = PBXFileReference; fileEncoding = 4; lastKnownFileType = sourcecode.c.objc; path = VMG_Stories_ViewController.m; sourceTree = "<group>"; };
		489FF96818EC5B9000E6F1D0 /* VMG_Donate_ViewController.h */ = {isa = PBXFileReference; fileEncoding = 4; lastKnownFileType = sourcecode.c.h; path = VMG_Donate_ViewController.h; sourceTree = "<group>"; };
		489FF96918EC5B9000E6F1D0 /* VMG_Donate_ViewController.m */ = {isa = PBXFileReference; fileEncoding = 4; lastKnownFileType = sourcecode.c.objc; path = VMG_Donate_ViewController.m; sourceTree = "<group>"; };
		489FF97018EC641900E6F1D0 /* Parse.framework */ = {isa = PBXFileReference; lastKnownFileType = wrapper.framework; name = Parse.framework; path = TVMG/Parse.framework; sourceTree = "<group>"; };
		489FF97218EC64BE00E6F1D0 /* AudioToolbox.framework */ = {isa = PBXFileReference; lastKnownFileType = wrapper.framework; name = AudioToolbox.framework; path = System/Library/Frameworks/AudioToolbox.framework; sourceTree = SDKROOT; };
		489FF97418EC64D100E6F1D0 /* CFNetwork.framework */ = {isa = PBXFileReference; lastKnownFileType = wrapper.framework; name = CFNetwork.framework; path = System/Library/Frameworks/CFNetwork.framework; sourceTree = SDKROOT; };
		489FF97618EC64E200E6F1D0 /* CoreLocation.framework */ = {isa = PBXFileReference; lastKnownFileType = wrapper.framework; name = CoreLocation.framework; path = System/Library/Frameworks/CoreLocation.framework; sourceTree = SDKROOT; };
		489FF97818EC64ED00E6F1D0 /* libz.dylib */ = {isa = PBXFileReference; lastKnownFileType = "compiled.mach-o.dylib"; name = libz.dylib; path = usr/lib/libz.dylib; sourceTree = SDKROOT; };
		489FF97A18EC64F700E6F1D0 /* MobileCoreServices.framework */ = {isa = PBXFileReference; lastKnownFileType = wrapper.framework; name = MobileCoreServices.framework; path = System/Library/Frameworks/MobileCoreServices.framework; sourceTree = SDKROOT; };
		489FF97C18EC650000E6F1D0 /* QuartzCore.framework */ = {isa = PBXFileReference; lastKnownFileType = wrapper.framework; name = QuartzCore.framework; path = System/Library/Frameworks/QuartzCore.framework; sourceTree = SDKROOT; };
		489FF97E18EC650700E6F1D0 /* Security.framework */ = {isa = PBXFileReference; lastKnownFileType = wrapper.framework; name = Security.framework; path = System/Library/Frameworks/Security.framework; sourceTree = SDKROOT; };
		489FF98018EC650E00E6F1D0 /* StoreKit.framework */ = {isa = PBXFileReference; lastKnownFileType = wrapper.framework; name = StoreKit.framework; path = System/Library/Frameworks/StoreKit.framework; sourceTree = SDKROOT; };
		489FF98218EC651E00E6F1D0 /* SystemConfiguration.framework */ = {isa = PBXFileReference; lastKnownFileType = wrapper.framework; name = SystemConfiguration.framework; path = System/Library/Frameworks/SystemConfiguration.framework; sourceTree = SDKROOT; };
		48B7F31F18FFA5B500D89F60 /* VMG_Guides_UICollectionViewCell.h */ = {isa = PBXFileReference; fileEncoding = 4; lastKnownFileType = sourcecode.c.h; path = VMG_Guides_UICollectionViewCell.h; sourceTree = "<group>"; };
		48B7F32018FFA5B500D89F60 /* VMG_Guides_UICollectionViewCell.m */ = {isa = PBXFileReference; fileEncoding = 4; lastKnownFileType = sourcecode.c.objc; path = VMG_Guides_UICollectionViewCell.m; sourceTree = "<group>"; };
		48B7F32218FFB0F900D89F60 /* VMG_GuideDetails_ViewController.h */ = {isa = PBXFileReference; fileEncoding = 4; lastKnownFileType = sourcecode.c.h; path = VMG_GuideDetails_ViewController.h; sourceTree = "<group>"; };
		48B7F32318FFB0F900D89F60 /* VMG_GuideDetails_ViewController.m */ = {isa = PBXFileReference; fileEncoding = 4; lastKnownFileType = sourcecode.c.objc; path = VMG_GuideDetails_ViewController.m; sourceTree = "<group>"; };
		48C2934919027739000E8357 /* NSDateFormatter+STTwitter.h */ = {isa = PBXFileReference; fileEncoding = 4; lastKnownFileType = sourcecode.c.h; path = "NSDateFormatter+STTwitter.h"; sourceTree = "<group>"; };
		48C2934A19027739000E8357 /* NSDateFormatter+STTwitter.m */ = {isa = PBXFileReference; fileEncoding = 4; lastKnownFileType = sourcecode.c.objc; path = "NSDateFormatter+STTwitter.m"; sourceTree = "<group>"; };
		48C2934B19027739000E8357 /* NSError+STTwitter.h */ = {isa = PBXFileReference; fileEncoding = 4; lastKnownFileType = sourcecode.c.h; path = "NSError+STTwitter.h"; sourceTree = "<group>"; };
		48C2934C19027739000E8357 /* NSError+STTwitter.m */ = {isa = PBXFileReference; fileEncoding = 4; lastKnownFileType = sourcecode.c.objc; path = "NSError+STTwitter.m"; sourceTree = "<group>"; };
		48C2934D19027739000E8357 /* NSString+STTwitter.h */ = {isa = PBXFileReference; fileEncoding = 4; lastKnownFileType = sourcecode.c.h; path = "NSString+STTwitter.h"; sourceTree = "<group>"; };
		48C2934E19027739000E8357 /* NSString+STTwitter.m */ = {isa = PBXFileReference; fileEncoding = 4; lastKnownFileType = sourcecode.c.objc; path = "NSString+STTwitter.m"; sourceTree = "<group>"; };
		48C2934F19027739000E8357 /* STHTTPRequest+STTwitter.h */ = {isa = PBXFileReference; fileEncoding = 4; lastKnownFileType = sourcecode.c.h; path = "STHTTPRequest+STTwitter.h"; sourceTree = "<group>"; };
		48C2935019027739000E8357 /* STHTTPRequest+STTwitter.m */ = {isa = PBXFileReference; fileEncoding = 4; lastKnownFileType = sourcecode.c.objc; path = "STHTTPRequest+STTwitter.m"; sourceTree = "<group>"; };
		48C2935119027739000E8357 /* STTwitter.h */ = {isa = PBXFileReference; fileEncoding = 4; lastKnownFileType = sourcecode.c.h; path = STTwitter.h; sourceTree = "<group>"; };
		48C2935219027739000E8357 /* STTwitterAPI.h */ = {isa = PBXFileReference; fileEncoding = 4; lastKnownFileType = sourcecode.c.h; path = STTwitterAPI.h; sourceTree = "<group>"; };
		48C2935319027739000E8357 /* STTwitterAPI.m */ = {isa = PBXFileReference; fileEncoding = 4; lastKnownFileType = sourcecode.c.objc; path = STTwitterAPI.m; sourceTree = "<group>"; };
		48C2935419027739000E8357 /* STTwitterAppOnly.h */ = {isa = PBXFileReference; fileEncoding = 4; lastKnownFileType = sourcecode.c.h; path = STTwitterAppOnly.h; sourceTree = "<group>"; };
		48C2935519027739000E8357 /* STTwitterAppOnly.m */ = {isa = PBXFileReference; fileEncoding = 4; lastKnownFileType = sourcecode.c.objc; path = STTwitterAppOnly.m; sourceTree = "<group>"; };
		48C2935619027739000E8357 /* STTwitterHTML.h */ = {isa = PBXFileReference; fileEncoding = 4; lastKnownFileType = sourcecode.c.h; path = STTwitterHTML.h; sourceTree = "<group>"; };
		48C2935719027739000E8357 /* STTwitterHTML.m */ = {isa = PBXFileReference; fileEncoding = 4; lastKnownFileType = sourcecode.c.objc; path = STTwitterHTML.m; sourceTree = "<group>"; };
		48C2935819027739000E8357 /* STTwitterOAuth.h */ = {isa = PBXFileReference; fileEncoding = 4; lastKnownFileType = sourcecode.c.h; path = STTwitterOAuth.h; sourceTree = "<group>"; };
		48C2935919027739000E8357 /* STTwitterOAuth.m */ = {isa = PBXFileReference; fileEncoding = 4; lastKnownFileType = sourcecode.c.objc; path = STTwitterOAuth.m; sourceTree = "<group>"; };
		48C2935A19027739000E8357 /* STTwitterOS.h */ = {isa = PBXFileReference; fileEncoding = 4; lastKnownFileType = sourcecode.c.h; path = STTwitterOS.h; sourceTree = "<group>"; };
		48C2935B19027739000E8357 /* STTwitterOS.m */ = {isa = PBXFileReference; fileEncoding = 4; lastKnownFileType = sourcecode.c.objc; path = STTwitterOS.m; sourceTree = "<group>"; };
		48C2935C19027739000E8357 /* STTwitterOSRequest.h */ = {isa = PBXFileReference; fileEncoding = 4; lastKnownFileType = sourcecode.c.h; path = STTwitterOSRequest.h; sourceTree = "<group>"; };
		48C2935D19027739000E8357 /* STTwitterOSRequest.m */ = {isa = PBXFileReference; fileEncoding = 4; lastKnownFileType = sourcecode.c.objc; path = STTwitterOSRequest.m; sourceTree = "<group>"; };
		48C2935E19027739000E8357 /* STTwitterProtocol.h */ = {isa = PBXFileReference; fileEncoding = 4; lastKnownFileType = sourcecode.c.h; path = STTwitterProtocol.h; sourceTree = "<group>"; };
		48C2936019027739000E8357 /* BAVPlistNode.h */ = {isa = PBXFileReference; fileEncoding = 4; lastKnownFileType = sourcecode.c.h; path = BAVPlistNode.h; sourceTree = "<group>"; };
		48C2936119027739000E8357 /* BAVPlistNode.m */ = {isa = PBXFileReference; fileEncoding = 4; lastKnownFileType = sourcecode.c.objc; path = BAVPlistNode.m; sourceTree = "<group>"; };
		48C2936219027739000E8357 /* JSONSyntaxHighlight.h */ = {isa = PBXFileReference; fileEncoding = 4; lastKnownFileType = sourcecode.c.h; path = JSONSyntaxHighlight.h; sourceTree = "<group>"; };
		48C2936319027739000E8357 /* JSONSyntaxHighlight.m */ = {isa = PBXFileReference; fileEncoding = 4; lastKnownFileType = sourcecode.c.objc; path = JSONSyntaxHighlight.m; sourceTree = "<group>"; };
		48C2936419027739000E8357 /* STHTTPRequest.h */ = {isa = PBXFileReference; fileEncoding = 4; lastKnownFileType = sourcecode.c.h; path = STHTTPRequest.h; sourceTree = "<group>"; };
		48C2936519027739000E8357 /* STHTTPRequest.m */ = {isa = PBXFileReference; fileEncoding = 4; lastKnownFileType = sourcecode.c.objc; path = STHTTPRequest.m; sourceTree = "<group>"; };
		48C2937319027777000E8357 /* Accounts.framework */ = {isa = PBXFileReference; lastKnownFileType = wrapper.framework; name = Accounts.framework; path = System/Library/Frameworks/Accounts.framework; sourceTree = SDKROOT; };
		48C293751902777D000E8357 /* Twitter.framework */ = {isa = PBXFileReference; lastKnownFileType = wrapper.framework; name = Twitter.framework; path = System/Library/Frameworks/Twitter.framework; sourceTree = SDKROOT; };
		48C2937719027783000E8357 /* Social.framework */ = {isa = PBXFileReference; lastKnownFileType = wrapper.framework; name = Social.framework; path = System/Library/Frameworks/Social.framework; sourceTree = SDKROOT; };
		48C29379190289AF000E8357 /* VMG_Stories_CollectionViewCell.h */ = {isa = PBXFileReference; fileEncoding = 4; lastKnownFileType = sourcecode.c.h; path = VMG_Stories_CollectionViewCell.h; sourceTree = "<group>"; };
		48C2937A190289AF000E8357 /* VMG_Stories_CollectionViewCell.m */ = {isa = PBXFileReference; fileEncoding = 4; lastKnownFileType = sourcecode.c.objc; path = VMG_Stories_CollectionViewCell.m; sourceTree = "<group>"; };
		48C2937D1902CDA2000E8357 /* FTCoreTextStyle.h */ = {isa = PBXFileReference; fileEncoding = 4; lastKnownFileType = sourcecode.c.h; path = FTCoreTextStyle.h; sourceTree = "<group>"; };
		48C2937E1902CDA2000E8357 /* FTCoreTextStyle.m */ = {isa = PBXFileReference; fileEncoding = 4; lastKnownFileType = sourcecode.c.objc; path = FTCoreTextStyle.m; sourceTree = "<group>"; };
		48C2937F1902CDA2000E8357 /* FTCoreTextView.h */ = {isa = PBXFileReference; fileEncoding = 4; lastKnownFileType = sourcecode.c.h; path = FTCoreTextView.h; sourceTree = "<group>"; };
		48C293801902CDA2000E8357 /* FTCoreTextView.m */ = {isa = PBXFileReference; fileEncoding = 4; lastKnownFileType = sourcecode.c.objc; path = FTCoreTextView.m; sourceTree = "<group>"; };
		48C293831902CDB2000E8357 /* CoreText.framework */ = {isa = PBXFileReference; lastKnownFileType = wrapper.framework; name = CoreText.framework; path = System/Library/Frameworks/CoreText.framework; sourceTree = SDKROOT; };
		48EA7C21190A524B006F620E /* forewordText.txt */ = {isa = PBXFileReference; fileEncoding = 4; lastKnownFileType = text; path = forewordText.txt; sourceTree = "<group>"; };
		48EA7C23190A5420006F620E /* dayOneText.txt */ = {isa = PBXFileReference; fileEncoding = 4; lastKnownFileType = text; path = dayOneText.txt; sourceTree = "<group>"; };
		48EA7C25190A58FB006F620E /* dayTwoText.txt */ = {isa = PBXFileReference; fileEncoding = 4; lastKnownFileType = text; path = dayTwoText.txt; sourceTree = "<group>"; };
		48EA7C27190A5DDA006F620E /* dayThreeText.txt */ = {isa = PBXFileReference; fileEncoding = 4; lastKnownFileType = text; path = dayThreeText.txt; sourceTree = "<group>"; };
		48EA7C29190A6353006F620E /* daySixText.txt */ = {isa = PBXFileReference; fileEncoding = 4; lastKnownFileType = text; path = daySixText.txt; sourceTree = "<group>"; };
		48EA7C2A190A6353006F620E /* dayNineText.txt */ = {isa = PBXFileReference; fileEncoding = 4; lastKnownFileType = text; path = dayNineText.txt; sourceTree = "<group>"; };
		48EA7C2B190A6353006F620E /* dayElevenText.txt */ = {isa = PBXFileReference; fileEncoding = 4; lastKnownFileType = text; path = dayElevenText.txt; sourceTree = "<group>"; };
		48EA7C2C190A6353006F620E /* dayFiveText.txt */ = {isa = PBXFileReference; fileEncoding = 4; lastKnownFileType = text; path = dayFiveText.txt; sourceTree = "<group>"; };
		48EA7C2D190A6353006F620E /* dayFourText.txt */ = {isa = PBXFileReference; fileEncoding = 4; lastKnownFileType = text; path = dayFourText.txt; sourceTree = "<group>"; };
		48EA7C2E190A6353006F620E /* dayTenText.txt */ = {isa = PBXFileReference; fileEncoding = 4; lastKnownFileType = text; path = dayTenText.txt; sourceTree = "<group>"; };
		48EA7C2F190A6353006F620E /* daySevenText.txt */ = {isa = PBXFileReference; fileEncoding = 4; lastKnownFileType = text; path = daySevenText.txt; sourceTree = "<group>"; };
		48EA7C30190A6353006F620E /* dayEightText.txt */ = {isa = PBXFileReference; fileEncoding = 4; lastKnownFileType = text; path = dayEightText.txt; sourceTree = "<group>"; };
		48F3203C18F2AF14004802B8 /* MBProgressHUD.h */ = {isa = PBXFileReference; fileEncoding = 4; lastKnownFileType = sourcecode.c.h; path = MBProgressHUD.h; sourceTree = "<group>"; };
		48F3203D18F2AF14004802B8 /* MBProgressHUD.m */ = {isa = PBXFileReference; fileEncoding = 4; lastKnownFileType = sourcecode.c.objc; path = MBProgressHUD.m; sourceTree = "<group>"; };
		48FB0E4218FE9CA200057843 /* TLSpringFlowLayout.h */ = {isa = PBXFileReference; fileEncoding = 4; lastKnownFileType = sourcecode.c.h; path = TLSpringFlowLayout.h; sourceTree = "<group>"; };
		48FB0E4318FE9CA200057843 /* TLSpringFlowLayout.m */ = {isa = PBXFileReference; fileEncoding = 4; lastKnownFileType = sourcecode.c.objc; path = TLSpringFlowLayout.m; sourceTree = "<group>"; };
		48FD28F618FE52F3001FC024 /* PXAlertView+Customization.h */ = {isa = PBXFileReference; fileEncoding = 4; lastKnownFileType = sourcecode.c.h; path = "PXAlertView+Customization.h"; sourceTree = "<group>"; };
		48FD28F718FE52F3001FC024 /* PXAlertView+Customization.m */ = {isa = PBXFileReference; fileEncoding = 4; lastKnownFileType = sourcecode.c.objc; path = "PXAlertView+Customization.m"; sourceTree = "<group>"; };
		48FD28F818FE52F3001FC024 /* PXAlertView.h */ = {isa = PBXFileReference; fileEncoding = 4; lastKnownFileType = sourcecode.c.h; path = PXAlertView.h; sourceTree = "<group>"; };
		48FD28F918FE52F3001FC024 /* PXAlertView.m */ = {isa = PBXFileReference; fileEncoding = 4; lastKnownFileType = sourcecode.c.objc; path = PXAlertView.m; sourceTree = "<group>"; };
		48FD290018FE530A001FC024 /* SimpleAudioPlayer.h */ = {isa = PBXFileReference; fileEncoding = 4; lastKnownFileType = sourcecode.c.h; path = SimpleAudioPlayer.h; sourceTree = "<group>"; };
		48FD290118FE530A001FC024 /* SimpleAudioPlayer.m */ = {isa = PBXFileReference; fileEncoding = 4; lastKnownFileType = sourcecode.c.objc; path = SimpleAudioPlayer.m; sourceTree = "<group>"; };
		48FD290618FE5336001FC024 /* FTWCache.h */ = {isa = PBXFileReference; fileEncoding = 4; lastKnownFileType = sourcecode.c.h; path = FTWCache.h; sourceTree = "<group>"; };
		48FD290718FE5336001FC024 /* FTWCache.m */ = {isa = PBXFileReference; fileEncoding = 4; lastKnownFileType = sourcecode.c.objc; path = FTWCache.m; sourceTree = "<group>"; };
/* End PBXFileReference section */

/* Begin PBXFrameworksBuildPhase section */
		489FF91D18EC49F700E6F1D0 /* Frameworks */ = {
			isa = PBXFrameworksBuildPhase;
			buildActionMask = 2147483647;
			files = (
				4816684E190257F500928A06 /* AVFoundation.framework in Frameworks */,
				48C293841902CDB2000E8357 /* CoreText.framework in Frameworks */,
				48C2937819027783000E8357 /* Social.framework in Frameworks */,
				48C293761902777D000E8357 /* Twitter.framework in Frameworks */,
				48C2937419027777000E8357 /* Accounts.framework in Frameworks */,
				489FF97318EC64BE00E6F1D0 /* AudioToolbox.framework in Frameworks */,
				489FF97518EC64D100E6F1D0 /* CFNetwork.framework in Frameworks */,
				489FF92618EC49F700E6F1D0 /* CoreGraphics.framework in Frameworks */,
				489FF97718EC64E200E6F1D0 /* CoreLocation.framework in Frameworks */,
				489FF97918EC64ED00E6F1D0 /* libz.dylib in Frameworks */,
				489FF97B18EC64F700E6F1D0 /* MobileCoreServices.framework in Frameworks */,
				489FF97D18EC650000E6F1D0 /* QuartzCore.framework in Frameworks */,
				489FF97F18EC650700E6F1D0 /* Security.framework in Frameworks */,
				489FF98118EC650E00E6F1D0 /* StoreKit.framework in Frameworks */,
				489FF98318EC651E00E6F1D0 /* SystemConfiguration.framework in Frameworks */,
				489FF92818EC49F700E6F1D0 /* UIKit.framework in Frameworks */,
				489FF97118EC641900E6F1D0 /* Parse.framework in Frameworks */,
				489FF92418EC49F700E6F1D0 /* Foundation.framework in Frameworks */,
			);
			runOnlyForDeploymentPostprocessing = 0;
		};
		489FF94418EC49F800E6F1D0 /* Frameworks */ = {
			isa = PBXFrameworksBuildPhase;
			buildActionMask = 2147483647;
			files = (
				489FF94918EC49F800E6F1D0 /* XCTest.framework in Frameworks */,
				489FF94B18EC49F800E6F1D0 /* UIKit.framework in Frameworks */,
				489FF94A18EC49F800E6F1D0 /* Foundation.framework in Frameworks */,
			);
			runOnlyForDeploymentPostprocessing = 0;
		};
/* End PBXFrameworksBuildPhase section */

/* Begin PBXGroup section */
		481FBB8718F397740008E3BA /* Signup */ = {
			isa = PBXGroup;
			children = (
				481FBB8918F397BA0008E3BA /* VMG_Signup_ViewController.h */,
				481FBB8A18F397BA0008E3BA /* VMG_Signup_ViewController.m */,
			);
			name = Signup;
			sourceTree = "<group>";
		};
		481FBB8818F3977E0008E3BA /* Login */ = {
			isa = PBXGroup;
			children = (
				481FBB8118F397510008E3BA /* VMG_Login_ViewController.h */,
				481FBB8218F397510008E3BA /* VMG_Login_ViewController.m */,
			);
			name = Login;
			sourceTree = "<group>";
		};
		48311CAF1909068B004FDA38 /* EECircularMusicPlayerControl */ = {
			isa = PBXGroup;
			children = (
				48311CB01909068B004FDA38 /* DACircularProgress */,
				48311CB51909068B004FDA38 /* EECircularMusicPlayerControl.h */,
				48311CB61909068B004FDA38 /* EECircularMusicPlayerControl.m */,
			);
			path = EECircularMusicPlayerControl;
			sourceTree = "<group>";
		};
		48311CB01909068B004FDA38 /* DACircularProgress */ = {
			isa = PBXGroup;
			children = (
				48311CB11909068B004FDA38 /* EECircularMusicPlayerDACircularProgressView.h */,
				48311CB21909068B004FDA38 /* EECircularMusicPlayerDACircularProgressView.m */,
			);
			path = DACircularProgress;
			sourceTree = "<group>";
		};
		488237711905482B00D94F66 /* ISRefreshControl */ = {
			isa = PBXGroup;
			children = (
				488237721905482B00D94F66 /* Images */,
				488237751905482B00D94F66 /* ISGumView.h */,
				488237761905482B00D94F66 /* ISGumView.m */,
				488237771905482B00D94F66 /* ISRefreshControl.h */,
				488237781905482B00D94F66 /* ISRefreshControl.m */,
				488237791905482B00D94F66 /* ISUtility.h */,
				4882377A1905482B00D94F66 /* ISUtility.m */,
				4882377B1905482B00D94F66 /* UIActivityIndicatorView+ScaleAnimation.h */,
				4882377C1905482B00D94F66 /* UIActivityIndicatorView+ScaleAnimation.m */,
				4882377D1905482B00D94F66 /* UITableViewController+RefreshControl.h */,
				4882377E1905482B00D94F66 /* UITableViewController+RefreshControl.m */,
			);
			path = ISRefreshControl;
			sourceTree = "<group>";
		};
		488237721905482B00D94F66 /* Images */ = {
			isa = PBXGroup;
			children = (
				488237731905482B00D94F66 /* ISRefresgControlIcon.png */,
				488237741905482B00D94F66 /* ISRefresgControlIcon@2x.png */,
			);
			path = Images;
			sourceTree = "<group>";
		};
		48823792190552AE00D94F66 /* Utils */ = {
			isa = PBXGroup;
			children = (
				4882378F1905487A00D94F66 /* Utils.h */,
				488237901905487A00D94F66 /* Utils.m */,
			);
			name = Utils;
			sourceTree = "<group>";
		};
		4899E728190BAEE600E28EEE /* guidedMeditationAudio */ = {
			isa = PBXGroup;
			children = (
				4899E724190BAEDE00E28EEE /* goenka_guidedMeditation_intro.mp3 */,
				4899E725190BAEDE00E28EEE /* goenka_guidedMeditation_end_01.mp3 */,
			);
			name = guidedMeditationAudio;
			sourceTree = "<group>";
		};
		4899E775190D151200E28EEE /* ZGCountDownTimer */ = {
			isa = PBXGroup;
			children = (
				4899E776190D151200E28EEE /* ZGCountDownTimer.h */,
				4899E777190D151200E28EEE /* ZGCountDownTimer.m */,
			);
			name = ZGCountDownTimer;
			path = Class;
			sourceTree = "<group>";
		};
		4899E77B190D762600E28EEE /* Sounds */ = {
			isa = PBXGroup;
			children = (
				4899E779190D761E00E28EEE /* gongNotification.mp3 */,
			);
			name = Sounds;
			sourceTree = "<group>";
		};
		489FF91718EC49F700E6F1D0 = {
			isa = PBXGroup;
			children = (
				489FF92918EC49F700E6F1D0 /* TVMG */,
				489FF94E18EC49F800E6F1D0 /* TVMGTests */,
				489FF92218EC49F700E6F1D0 /* Frameworks */,
				489FF92118EC49F700E6F1D0 /* Products */,
			);
			sourceTree = "<group>";
		};
		489FF92118EC49F700E6F1D0 /* Products */ = {
			isa = PBXGroup;
			children = (
				489FF92018EC49F700E6F1D0 /* TVMG.app */,
				489FF94718EC49F800E6F1D0 /* TVMGTests.xctest */,
			);
			name = Products;
			sourceTree = "<group>";
		};
		489FF92218EC49F700E6F1D0 /* Frameworks */ = {
			isa = PBXGroup;
			children = (
				48311C8919090220004FDA38 /* MessageUI.framework */,
				48C293831902CDB2000E8357 /* CoreText.framework */,
				48C2937719027783000E8357 /* Social.framework */,
				48C293751902777D000E8357 /* Twitter.framework */,
				48C2937319027777000E8357 /* Accounts.framework */,
				4816684D190257F500928A06 /* AVFoundation.framework */,
				4816684B1902570500928A06 /* MediaPlayer.framework */,
				489FF98218EC651E00E6F1D0 /* SystemConfiguration.framework */,
				489FF98018EC650E00E6F1D0 /* StoreKit.framework */,
				489FF97E18EC650700E6F1D0 /* Security.framework */,
				489FF97C18EC650000E6F1D0 /* QuartzCore.framework */,
				489FF97A18EC64F700E6F1D0 /* MobileCoreServices.framework */,
				489FF97818EC64ED00E6F1D0 /* libz.dylib */,
				489FF97618EC64E200E6F1D0 /* CoreLocation.framework */,
				489FF97418EC64D100E6F1D0 /* CFNetwork.framework */,
				489FF97218EC64BE00E6F1D0 /* AudioToolbox.framework */,
				489FF97018EC641900E6F1D0 /* Parse.framework */,
				489FF92318EC49F700E6F1D0 /* Foundation.framework */,
				489FF92518EC49F700E6F1D0 /* CoreGraphics.framework */,
				489FF92718EC49F700E6F1D0 /* UIKit.framework */,
				489FF94818EC49F800E6F1D0 /* XCTest.framework */,
			);
			name = Frameworks;
			sourceTree = "<group>";
		};
		489FF92918EC49F700E6F1D0 /* TVMG */ = {
			isa = PBXGroup;
			children = (
				489FF96118EC4EB600E6F1D0 /* Libraries */,
				489FF95F18EC4EA000E6F1D0 /* App Delegate */,
				489FF96018EC4EAD00E6F1D0 /* Storyboards */,
				489FF95E18EC4E9500E6F1D0 /* View Controllers */,
				489FF94118EC49F800E6F1D0 /* Images.xcassets */,
				489FF92A18EC49F700E6F1D0 /* Supporting Files */,
			);
			path = TVMG;
			sourceTree = "<group>";
		};
		489FF92A18EC49F700E6F1D0 /* Supporting Files */ = {
			isa = PBXGroup;
			children = (
				4899E77B190D762600E28EEE /* Sounds */,
				4899E728190BAEE600E28EEE /* guidedMeditationAudio */,
				48EA7C20190A523B006F620E /* DiscourseTextFiles */,
				489FF92B18EC49F700E6F1D0 /* TVMG-Info.plist */,
				489FF92C18EC49F700E6F1D0 /* InfoPlist.strings */,
				489FF92F18EC49F700E6F1D0 /* main.m */,
				489FF93118EC49F700E6F1D0 /* TVMG-Prefix.pch */,
			);
			name = "Supporting Files";
			sourceTree = "<group>";
		};
		489FF94E18EC49F800E6F1D0 /* TVMGTests */ = {
			isa = PBXGroup;
			children = (
				489FF95418EC49F800E6F1D0 /* TVMGTests.m */,
				489FF94F18EC49F800E6F1D0 /* Supporting Files */,
			);
			path = TVMGTests;
			sourceTree = "<group>";
		};
		489FF94F18EC49F800E6F1D0 /* Supporting Files */ = {
			isa = PBXGroup;
			children = (
				489FF95018EC49F800E6F1D0 /* TVMGTests-Info.plist */,
				489FF95118EC49F800E6F1D0 /* InfoPlist.strings */,
			);
			name = "Supporting Files";
			sourceTree = "<group>";
		};
		489FF95E18EC4E9500E6F1D0 /* View Controllers */ = {
			isa = PBXGroup;
			children = (
				481FBB8818F3977E0008E3BA /* Login */,
				481FBB8718F397740008E3BA /* Signup */,
				489FF96B18EC5E8100E6F1D0 /* Profile */,
				489FF96C18EC5E8800E6F1D0 /* Meditate */,
				489FF96D18EC5E8E00E6F1D0 /* Guides */,
				489FF96E18EC5E9500E6F1D0 /* Stories */,
				489FF96F18EC5E9C00E6F1D0 /* Donate */,
			);
			name = "View Controllers";
			sourceTree = "<group>";
		};
		489FF95F18EC4EA000E6F1D0 /* App Delegate */ = {
			isa = PBXGroup;
			children = (
				489FF93218EC49F700E6F1D0 /* VMGAppDelegate.h */,
				489FF93318EC49F800E6F1D0 /* VMGAppDelegate.m */,
			);
			name = "App Delegate";
			sourceTree = "<group>";
		};
		489FF96018EC4EAD00E6F1D0 /* Storyboards */ = {
			isa = PBXGroup;
			children = (
				489FF93518EC49F800E6F1D0 /* Main_iPhone.storyboard */,
				489FF93818EC49F800E6F1D0 /* Main_iPad.storyboard */,
			);
			name = Storyboards;
			sourceTree = "<group>";
		};
		489FF96118EC4EB600E6F1D0 /* Libraries */ = {
			isa = PBXGroup;
			children = (
				4899E775190D151200E28EEE /* ZGCountDownTimer */,
				48311CAF1909068B004FDA38 /* EECircularMusicPlayerControl */,
				48823792190552AE00D94F66 /* Utils */,
				488237711905482B00D94F66 /* ISRefreshControl */,
				48C2937C1902CDA2000E8357 /* FTCoreText */,
				48C2934819027739000E8357 /* STTwitter */,
				48FB0E4518FE9CA700057843 /* TLSpringFlowLayout */,
				48FD290918FE533C001FC024 /* FTWCache */,
				48FD28FC18FE530A001FC024 /* SimpleAudioPlayer */,
				48FD28F518FE52F3001FC024 /* PXAlertView */,
				48F3203F18F2AF19004802B8 /* MBProgressHUD */,
			);
			name = Libraries;
			sourceTree = "<group>";
		};
		489FF96B18EC5E8100E6F1D0 /* Profile */ = {
			isa = PBXGroup;
			children = (
				489FF93B18EC49F800E6F1D0 /* VMG_Profile_ViewController.h */,
				489FF93C18EC49F800E6F1D0 /* VMG_Profile_ViewController.m */,
			);
			name = Profile;
			sourceTree = "<group>";
		};
		489FF96C18EC5E8800E6F1D0 /* Meditate */ = {
			isa = PBXGroup;
			children = (
				489FF93E18EC49F800E6F1D0 /* VMG_Meditate_ViewController.h */,
				489FF93F18EC49F800E6F1D0 /* VMG_Meditate_ViewController.m */,
				484828CA18F5380400095D30 /* VMG_TimerSettings_ViewController.h */,
				484828CB18F5380400095D30 /* VMG_TimerSettings_ViewController.m */,
			);
			name = Meditate;
			sourceTree = "<group>";
		};
		489FF96D18EC5E8E00E6F1D0 /* Guides */ = {
			isa = PBXGroup;
			children = (
				489FF96218EC5B6D00E6F1D0 /* VMG_Guides_ViewController.h */,
				489FF96318EC5B6D00E6F1D0 /* VMG_Guides_ViewController.m */,
				48B7F31F18FFA5B500D89F60 /* VMG_Guides_UICollectionViewCell.h */,
				48B7F32018FFA5B500D89F60 /* VMG_Guides_UICollectionViewCell.m */,
				48B7F32218FFB0F900D89F60 /* VMG_GuideDetails_ViewController.h */,
				48B7F32318FFB0F900D89F60 /* VMG_GuideDetails_ViewController.m */,
				481C0A2C1900416900A48ACF /* VMG_GuidesNavigation_ViewController.h */,
				481C0A2D1900416900A48ACF /* VMG_GuidesNavigation_ViewController.m */,
				4819B2F4190827A300170EFE /* VMG_LocationDetails_ViewController.h */,
				4819B2F5190827A300170EFE /* VMG_LocationDetails_ViewController.m */,
				4819B2F719085CFE00170EFE /* VMG_DiscourseDetail_ViewController.h */,
				4819B2F819085CFE00170EFE /* VMG_DiscourseDetail_ViewController.m */,
				485DDFE41908F29300F00ABD /* VMG_DiscourseText_ViewController.h */,
				485DDFE51908F29300F00ABD /* VMG_DiscourseText_ViewController.m */,
			);
			name = Guides;
			sourceTree = "<group>";
		};
		489FF96E18EC5E9500E6F1D0 /* Stories */ = {
			isa = PBXGroup;
			children = (
				488237861905484100D94F66 /* TwitterAdapter.h */,
				488237871905484100D94F66 /* TwitterAdapter.m */,
				489FF96518EC5B7F00E6F1D0 /* VMG_Stories_ViewController.h */,
				489FF96618EC5B7F00E6F1D0 /* VMG_Stories_ViewController.m */,
				48C29379190289AF000E8357 /* VMG_Stories_CollectionViewCell.h */,
				48C2937A190289AF000E8357 /* VMG_Stories_CollectionViewCell.m */,
				4882379319057A5A00D94F66 /* VMG_Stories_NavigationViewController.h */,
				4882379419057A5A00D94F66 /* VMG_Stories_NavigationViewController.m */,
			);
			name = Stories;
			sourceTree = "<group>";
		};
		489FF96F18EC5E9C00E6F1D0 /* Donate */ = {
			isa = PBXGroup;
			children = (
				489FF96818EC5B9000E6F1D0 /* VMG_Donate_ViewController.h */,
				489FF96918EC5B9000E6F1D0 /* VMG_Donate_ViewController.m */,
				4803BCC5190638F400F531A0 /* VMG_Donate_NavigationViewController.h */,
				4803BCC6190638F400F531A0 /* VMG_Donate_NavigationViewController.m */,
				4803BCC81906413900F531A0 /* VMG_DonateDetails_ViewController.h */,
				4803BCC91906413900F531A0 /* VMG_DonateDetails_ViewController.m */,
			);
			name = Donate;
			sourceTree = "<group>";
		};
		48C2934819027739000E8357 /* STTwitter */ = {
			isa = PBXGroup;
			children = (
				48C2934919027739000E8357 /* NSDateFormatter+STTwitter.h */,
				48C2934A19027739000E8357 /* NSDateFormatter+STTwitter.m */,
				48C2934B19027739000E8357 /* NSError+STTwitter.h */,
				48C2934C19027739000E8357 /* NSError+STTwitter.m */,
				48C2934D19027739000E8357 /* NSString+STTwitter.h */,
				48C2934E19027739000E8357 /* NSString+STTwitter.m */,
				48C2934F19027739000E8357 /* STHTTPRequest+STTwitter.h */,
				48C2935019027739000E8357 /* STHTTPRequest+STTwitter.m */,
				48C2935119027739000E8357 /* STTwitter.h */,
				48C2935219027739000E8357 /* STTwitterAPI.h */,
				48C2935319027739000E8357 /* STTwitterAPI.m */,
				48C2935419027739000E8357 /* STTwitterAppOnly.h */,
				48C2935519027739000E8357 /* STTwitterAppOnly.m */,
				48C2935619027739000E8357 /* STTwitterHTML.h */,
				48C2935719027739000E8357 /* STTwitterHTML.m */,
				48C2935819027739000E8357 /* STTwitterOAuth.h */,
				48C2935919027739000E8357 /* STTwitterOAuth.m */,
				48C2935A19027739000E8357 /* STTwitterOS.h */,
				48C2935B19027739000E8357 /* STTwitterOS.m */,
				48C2935C19027739000E8357 /* STTwitterOSRequest.h */,
				48C2935D19027739000E8357 /* STTwitterOSRequest.m */,
				48C2935E19027739000E8357 /* STTwitterProtocol.h */,
				48C2935F19027739000E8357 /* Vendor */,
			);
			path = STTwitter;
			sourceTree = "<group>";
		};
		48C2935F19027739000E8357 /* Vendor */ = {
			isa = PBXGroup;
			children = (
				48C2936019027739000E8357 /* BAVPlistNode.h */,
				48C2936119027739000E8357 /* BAVPlistNode.m */,
				48C2936219027739000E8357 /* JSONSyntaxHighlight.h */,
				48C2936319027739000E8357 /* JSONSyntaxHighlight.m */,
				48C2936419027739000E8357 /* STHTTPRequest.h */,
				48C2936519027739000E8357 /* STHTTPRequest.m */,
			);
			path = Vendor;
			sourceTree = "<group>";
		};
		48C2937C1902CDA2000E8357 /* FTCoreText */ = {
			isa = PBXGroup;
			children = (
				48C2937D1902CDA2000E8357 /* FTCoreTextStyle.h */,
				48C2937E1902CDA2000E8357 /* FTCoreTextStyle.m */,
				48C2937F1902CDA2000E8357 /* FTCoreTextView.h */,
				48C293801902CDA2000E8357 /* FTCoreTextView.m */,
			);
			path = FTCoreText;
			sourceTree = "<group>";
		};
		48EA7C20190A523B006F620E /* DiscourseTextFiles */ = {
			isa = PBXGroup;
			children = (
				48EA7C21190A524B006F620E /* forewordText.txt */,
				48EA7C23190A5420006F620E /* dayOneText.txt */,
				48EA7C25190A58FB006F620E /* dayTwoText.txt */,
				48EA7C27190A5DDA006F620E /* dayThreeText.txt */,
				48EA7C2D190A6353006F620E /* dayFourText.txt */,
				48EA7C2C190A6353006F620E /* dayFiveText.txt */,
				48EA7C29190A6353006F620E /* daySixText.txt */,
				48EA7C2F190A6353006F620E /* daySevenText.txt */,
				48EA7C30190A6353006F620E /* dayEightText.txt */,
				48EA7C2A190A6353006F620E /* dayNineText.txt */,
				48EA7C2E190A6353006F620E /* dayTenText.txt */,
				48EA7C2B190A6353006F620E /* dayElevenText.txt */,
			);
			name = DiscourseTextFiles;
			sourceTree = "<group>";
		};
		48F3203F18F2AF19004802B8 /* MBProgressHUD */ = {
			isa = PBXGroup;
			children = (
				48F3203C18F2AF14004802B8 /* MBProgressHUD.h */,
				48F3203D18F2AF14004802B8 /* MBProgressHUD.m */,
			);
			name = MBProgressHUD;
			sourceTree = "<group>";
		};
		48FB0E4518FE9CA700057843 /* TLSpringFlowLayout */ = {
			isa = PBXGroup;
			children = (
				48FB0E4218FE9CA200057843 /* TLSpringFlowLayout.h */,
				48FB0E4318FE9CA200057843 /* TLSpringFlowLayout.m */,
			);
			name = TLSpringFlowLayout;
			sourceTree = "<group>";
		};
		48FD28F518FE52F3001FC024 /* PXAlertView */ = {
			isa = PBXGroup;
			children = (
				48FD28F618FE52F3001FC024 /* PXAlertView+Customization.h */,
				48FD28F718FE52F3001FC024 /* PXAlertView+Customization.m */,
				48FD28F818FE52F3001FC024 /* PXAlertView.h */,
				48FD28F918FE52F3001FC024 /* PXAlertView.m */,
			);
			name = PXAlertView;
			path = Classes;
			sourceTree = "<group>";
		};
		48FD28FC18FE530A001FC024 /* SimpleAudioPlayer */ = {
			isa = PBXGroup;
			children = (
				48FD290018FE530A001FC024 /* SimpleAudioPlayer.h */,
				48FD290118FE530A001FC024 /* SimpleAudioPlayer.m */,
			);
			name = SimpleAudioPlayer;
			path = "SimpleAudioPlayer-master";
			sourceTree = "<group>";
		};
		48FD290918FE533C001FC024 /* FTWCache */ = {
			isa = PBXGroup;
			children = (
				48FD290618FE5336001FC024 /* FTWCache.h */,
				48FD290718FE5336001FC024 /* FTWCache.m */,
			);
			name = FTWCache;
			sourceTree = "<group>";
		};
/* End PBXGroup section */

/* Begin PBXNativeTarget section */
		489FF91F18EC49F700E6F1D0 /* TVMG */ = {
			isa = PBXNativeTarget;
			buildConfigurationList = 489FF95818EC49F800E6F1D0 /* Build configuration list for PBXNativeTarget "TVMG" */;
			buildPhases = (
				489FF91C18EC49F700E6F1D0 /* Sources */,
				489FF91D18EC49F700E6F1D0 /* Frameworks */,
				489FF91E18EC49F700E6F1D0 /* Resources */,
			);
			buildRules = (
			);
			dependencies = (
			);
			name = TVMG;
			productName = TVMG;
			productReference = 489FF92018EC49F700E6F1D0 /* TVMG.app */;
			productType = "com.apple.product-type.application";
		};
		489FF94618EC49F800E6F1D0 /* TVMGTests */ = {
			isa = PBXNativeTarget;
			buildConfigurationList = 489FF95B18EC49F800E6F1D0 /* Build configuration list for PBXNativeTarget "TVMGTests" */;
			buildPhases = (
				489FF94318EC49F800E6F1D0 /* Sources */,
				489FF94418EC49F800E6F1D0 /* Frameworks */,
				489FF94518EC49F800E6F1D0 /* Resources */,
			);
			buildRules = (
			);
			dependencies = (
				489FF94D18EC49F800E6F1D0 /* PBXTargetDependency */,
			);
			name = TVMGTests;
			productName = TVMGTests;
			productReference = 489FF94718EC49F800E6F1D0 /* TVMGTests.xctest */;
			productType = "com.apple.product-type.bundle.unit-test";
		};
/* End PBXNativeTarget section */

/* Begin PBXProject section */
		489FF91818EC49F700E6F1D0 /* Project object */ = {
			isa = PBXProject;
			attributes = {
				CLASSPREFIX = VMG;
				LastUpgradeCheck = 0510;
				ORGANIZATIONNAME = "Tim Shim";
				TargetAttributes = {
					489FF91F18EC49F700E6F1D0 = {
						DevelopmentTeam = QKNVPTRYEV;
					};
					489FF94618EC49F800E6F1D0 = {
						TestTargetID = 489FF91F18EC49F700E6F1D0;
					};
				};
			};
			buildConfigurationList = 489FF91B18EC49F700E6F1D0 /* Build configuration list for PBXProject "TVMG" */;
			compatibilityVersion = "Xcode 3.2";
			developmentRegion = English;
			hasScannedForEncodings = 0;
			knownRegions = (
				en,
				Base,
			);
			mainGroup = 489FF91718EC49F700E6F1D0;
			productRefGroup = 489FF92118EC49F700E6F1D0 /* Products */;
			projectDirPath = "";
			projectRoot = "";
			targets = (
				489FF91F18EC49F700E6F1D0 /* TVMG */,
				489FF94618EC49F800E6F1D0 /* TVMGTests */,
			);
		};
/* End PBXProject section */

/* Begin PBXResourcesBuildPhase section */
		489FF91E18EC49F700E6F1D0 /* Resources */ = {
			isa = PBXResourcesBuildPhase;
			buildActionMask = 2147483647;
			files = (
				48EA7C35190A6353006F620E /* dayFourText.txt in Resources */,
				48EA7C22190A524B006F620E /* forewordText.txt in Resources */,
				4899E727190BAEDE00E28EEE /* goenka_guidedMeditation_end_01.mp3 in Resources */,
				48EA7C24190A5420006F620E /* dayOneText.txt in Resources */,
				489FF93A18EC49F800E6F1D0 /* Main_iPad.storyboard in Resources */,
				489FF94218EC49F800E6F1D0 /* Images.xcassets in Resources */,
				48EA7C34190A6353006F620E /* dayFiveText.txt in Resources */,
				48EA7C37190A6353006F620E /* daySevenText.txt in Resources */,
				48EA7C36190A6353006F620E /* dayTenText.txt in Resources */,
				48EA7C38190A6353006F620E /* dayEightText.txt in Resources */,
				48EA7C26190A58FB006F620E /* dayTwoText.txt in Resources */,
				48EA7C33190A6353006F620E /* dayElevenText.txt in Resources */,
				48EA7C31190A6353006F620E /* daySixText.txt in Resources */,
				48EA7C28190A5DDA006F620E /* dayThreeText.txt in Resources */,
				489FF93718EC49F800E6F1D0 /* Main_iPhone.storyboard in Resources */,
				4899E726190BAEDE00E28EEE /* goenka_guidedMeditation_intro.mp3 in Resources */,
				4899E77A190D761E00E28EEE /* gongNotification.mp3 in Resources */,
				489FF92E18EC49F700E6F1D0 /* InfoPlist.strings in Resources */,
				488237801905482B00D94F66 /* ISRefresgControlIcon@2x.png in Resources */,
				48EA7C32190A6353006F620E /* dayNineText.txt in Resources */,
				4882377F1905482B00D94F66 /* ISRefresgControlIcon.png in Resources */,
			);
			runOnlyForDeploymentPostprocessing = 0;
		};
		489FF94518EC49F800E6F1D0 /* Resources */ = {
			isa = PBXResourcesBuildPhase;
			buildActionMask = 2147483647;
			files = (
				489FF95318EC49F800E6F1D0 /* InfoPlist.strings in Resources */,
			);
			runOnlyForDeploymentPostprocessing = 0;
		};
/* End PBXResourcesBuildPhase section */

/* Begin PBXSourcesBuildPhase section */
		489FF91C18EC49F700E6F1D0 /* Sources */ = {
			isa = PBXSourcesBuildPhase;
			buildActionMask = 2147483647;
			files = (
				488237881905484100D94F66 /* TwitterAdapter.m in Sources */,
				489FF93018EC49F700E6F1D0 /* main.m in Sources */,
				48C293811902CDA2000E8357 /* FTCoreTextStyle.m in Sources */,
				48FD290818FE5336001FC024 /* FTWCache.m in Sources */,
				484828CC18F5380400095D30 /* VMG_TimerSettings_ViewController.m in Sources */,
				48C2936919027739000E8357 /* STHTTPRequest+STTwitter.m in Sources */,
				488237831905482B00D94F66 /* ISUtility.m in Sources */,
				489FF96A18EC5B9000E6F1D0 /* VMG_Donate_ViewController.m in Sources */,
				48C2936719027739000E8357 /* NSError+STTwitter.m in Sources */,
				48B7F32418FFB0F900D89F60 /* VMG_GuideDetails_ViewController.m in Sources */,
				481FBB8318F397510008E3BA /* VMG_Login_ViewController.m in Sources */,
				4899E778190D151200E28EEE /* ZGCountDownTimer.m in Sources */,
				488237841905482B00D94F66 /* UIActivityIndicatorView+ScaleAnimation.m in Sources */,
				48C2936C19027739000E8357 /* STTwitterHTML.m in Sources */,
				489FF96418EC5B6D00E6F1D0 /* VMG_Guides_ViewController.m in Sources */,
				48C2936619027739000E8357 /* NSDateFormatter+STTwitter.m in Sources */,
				48B7F32118FFA5B500D89F60 /* VMG_Guides_UICollectionViewCell.m in Sources */,
				48C293821902CDA2000E8357 /* FTCoreTextView.m in Sources */,
				481C0A2E1900416A00A48ACF /* VMG_GuidesNavigation_ViewController.m in Sources */,
				48C2937119027739000E8357 /* JSONSyntaxHighlight.m in Sources */,
				488237911905487A00D94F66 /* Utils.m in Sources */,
				4819B2F6190827A300170EFE /* VMG_LocationDetails_ViewController.m in Sources */,
				48C2936A19027739000E8357 /* STTwitterAPI.m in Sources */,
				48C2936819027739000E8357 /* NSString+STTwitter.m in Sources */,
				488237821905482B00D94F66 /* ISRefreshControl.m in Sources */,
				48FD28FB18FE52F3001FC024 /* PXAlertView.m in Sources */,
				4819B2F919085CFE00170EFE /* VMG_DiscourseDetail_ViewController.m in Sources */,
				48FD290518FE530A001FC024 /* SimpleAudioPlayer.m in Sources */,
				48C2937B190289AF000E8357 /* VMG_Stories_CollectionViewCell.m in Sources */,
				48C2936F19027739000E8357 /* STTwitterOSRequest.m in Sources */,
				4882379519057A5A00D94F66 /* VMG_Stories_NavigationViewController.m in Sources */,
				48C2936E19027739000E8357 /* STTwitterOS.m in Sources */,
				48C2937019027739000E8357 /* BAVPlistNode.m in Sources */,
				48C2937219027739000E8357 /* STHTTPRequest.m in Sources */,
				489FF94018EC49F800E6F1D0 /* VMG_Meditate_ViewController.m in Sources */,
				4803BCCA1906413900F531A0 /* VMG_DonateDetails_ViewController.m in Sources */,
				48FD28FA18FE52F3001FC024 /* PXAlertView+Customization.m in Sources */,
				488237811905482B00D94F66 /* ISGumView.m in Sources */,
				489FF96718EC5B7F00E6F1D0 /* VMG_Stories_ViewController.m in Sources */,
				48FB0E4418FE9CA200057843 /* TLSpringFlowLayout.m in Sources */,
				485DDFE61908F29300F00ABD /* VMG_DiscourseText_ViewController.m in Sources */,
				489FF93418EC49F800E6F1D0 /* VMGAppDelegate.m in Sources */,
				489FF93D18EC49F800E6F1D0 /* VMG_Profile_ViewController.m in Sources */,
				48311CB71909068B004FDA38 /* EECircularMusicPlayerDACircularProgressView.m in Sources */,
				48C2936D19027739000E8357 /* STTwitterOAuth.m in Sources */,
				48F3203E18F2AF14004802B8 /* MBProgressHUD.m in Sources */,
				48311CBA1909068B004FDA38 /* EECircularMusicPlayerControl.m in Sources */,
				4803BCC7190638F400F531A0 /* VMG_Donate_NavigationViewController.m in Sources */,
				488237851905482B00D94F66 /* UITableViewController+RefreshControl.m in Sources */,
				48C2936B19027739000E8357 /* STTwitterAppOnly.m in Sources */,
				481FBB8B18F397BA0008E3BA /* VMG_Signup_ViewController.m in Sources */,
			);
			runOnlyForDeploymentPostprocessing = 0;
		};
		489FF94318EC49F800E6F1D0 /* Sources */ = {
			isa = PBXSourcesBuildPhase;
			buildActionMask = 2147483647;
			files = (
				489FF95518EC49F800E6F1D0 /* TVMGTests.m in Sources */,
			);
			runOnlyForDeploymentPostprocessing = 0;
		};
/* End PBXSourcesBuildPhase section */

/* Begin PBXTargetDependency section */
		489FF94D18EC49F800E6F1D0 /* PBXTargetDependency */ = {
			isa = PBXTargetDependency;
			target = 489FF91F18EC49F700E6F1D0 /* TVMG */;
			targetProxy = 489FF94C18EC49F800E6F1D0 /* PBXContainerItemProxy */;
		};
/* End PBXTargetDependency section */

/* Begin PBXVariantGroup section */
		489FF92C18EC49F700E6F1D0 /* InfoPlist.strings */ = {
			isa = PBXVariantGroup;
			children = (
				489FF92D18EC49F700E6F1D0 /* en */,
			);
			name = InfoPlist.strings;
			sourceTree = "<group>";
		};
		489FF93518EC49F800E6F1D0 /* Main_iPhone.storyboard */ = {
			isa = PBXVariantGroup;
			children = (
				489FF93618EC49F800E6F1D0 /* Base */,
			);
			name = Main_iPhone.storyboard;
			sourceTree = "<group>";
		};
		489FF93818EC49F800E6F1D0 /* Main_iPad.storyboard */ = {
			isa = PBXVariantGroup;
			children = (
				489FF93918EC49F800E6F1D0 /* Base */,
			);
			name = Main_iPad.storyboard;
			sourceTree = "<group>";
		};
		489FF95118EC49F800E6F1D0 /* InfoPlist.strings */ = {
			isa = PBXVariantGroup;
			children = (
				489FF95218EC49F800E6F1D0 /* en */,
			);
			name = InfoPlist.strings;
			sourceTree = "<group>";
		};
/* End PBXVariantGroup section */

/* Begin XCBuildConfiguration section */
		489FF95618EC49F800E6F1D0 /* Debug */ = {
			isa = XCBuildConfiguration;
			buildSettings = {
				ALWAYS_SEARCH_USER_PATHS = NO;
				CLANG_CXX_LANGUAGE_STANDARD = "gnu++0x";
				CLANG_CXX_LIBRARY = "libc++";
				CLANG_ENABLE_MODULES = YES;
				CLANG_ENABLE_OBJC_ARC = YES;
				CLANG_WARN_BOOL_CONVERSION = YES;
				CLANG_WARN_CONSTANT_CONVERSION = YES;
				CLANG_WARN_DIRECT_OBJC_ISA_USAGE = YES_ERROR;
				CLANG_WARN_EMPTY_BODY = YES;
				CLANG_WARN_ENUM_CONVERSION = YES;
				CLANG_WARN_INT_CONVERSION = YES;
				CLANG_WARN_OBJC_ROOT_CLASS = YES_ERROR;
				CLANG_WARN__DUPLICATE_METHOD_MATCH = YES;
				"CODE_SIGN_IDENTITY[sdk=iphoneos*]" = "iPhone Developer";
				COPY_PHASE_STRIP = NO;
				GCC_C_LANGUAGE_STANDARD = gnu99;
				GCC_DYNAMIC_NO_PIC = NO;
				GCC_OPTIMIZATION_LEVEL = 0;
				GCC_PREPROCESSOR_DEFINITIONS = (
					"DEBUG=1",
					"$(inherited)",
				);
				GCC_SYMBOLS_PRIVATE_EXTERN = NO;
				GCC_WARN_64_TO_32_BIT_CONVERSION = YES;
				GCC_WARN_ABOUT_RETURN_TYPE = YES_ERROR;
				GCC_WARN_UNDECLARED_SELECTOR = YES;
				GCC_WARN_UNINITIALIZED_AUTOS = YES_AGGRESSIVE;
				GCC_WARN_UNUSED_FUNCTION = YES;
				GCC_WARN_UNUSED_VARIABLE = YES;
				IPHONEOS_DEPLOYMENT_TARGET = 7.0;
				ONLY_ACTIVE_ARCH = YES;
				SDKROOT = iphoneos;
				TARGETED_DEVICE_FAMILY = "1,2";
			};
			name = Debug;
		};
		489FF95718EC49F800E6F1D0 /* Release */ = {
			isa = XCBuildConfiguration;
			buildSettings = {
				ALWAYS_SEARCH_USER_PATHS = NO;
				CLANG_CXX_LANGUAGE_STANDARD = "gnu++0x";
				CLANG_CXX_LIBRARY = "libc++";
				CLANG_ENABLE_MODULES = YES;
				CLANG_ENABLE_OBJC_ARC = YES;
				CLANG_WARN_BOOL_CONVERSION = YES;
				CLANG_WARN_CONSTANT_CONVERSION = YES;
				CLANG_WARN_DIRECT_OBJC_ISA_USAGE = YES_ERROR;
				CLANG_WARN_EMPTY_BODY = YES;
				CLANG_WARN_ENUM_CONVERSION = YES;
				CLANG_WARN_INT_CONVERSION = YES;
				CLANG_WARN_OBJC_ROOT_CLASS = YES_ERROR;
				CLANG_WARN__DUPLICATE_METHOD_MATCH = YES;
				"CODE_SIGN_IDENTITY[sdk=iphoneos*]" = "iPhone Developer";
				COPY_PHASE_STRIP = YES;
				ENABLE_NS_ASSERTIONS = NO;
				GCC_C_LANGUAGE_STANDARD = gnu99;
				GCC_WARN_64_TO_32_BIT_CONVERSION = YES;
				GCC_WARN_ABOUT_RETURN_TYPE = YES_ERROR;
				GCC_WARN_UNDECLARED_SELECTOR = YES;
				GCC_WARN_UNINITIALIZED_AUTOS = YES_AGGRESSIVE;
				GCC_WARN_UNUSED_FUNCTION = YES;
				GCC_WARN_UNUSED_VARIABLE = YES;
				IPHONEOS_DEPLOYMENT_TARGET = 7.0;
				SDKROOT = iphoneos;
				TARGETED_DEVICE_FAMILY = "1,2";
				VALIDATE_PRODUCT = YES;
			};
			name = Release;
		};
		489FF95918EC49F800E6F1D0 /* Debug */ = {
			isa = XCBuildConfiguration;
			buildSettings = {
				ASSETCATALOG_COMPILER_APPICON_NAME = AppIcon;
				ASSETCATALOG_COMPILER_LAUNCHIMAGE_NAME = LaunchImage;
				CODE_SIGN_IDENTITY = "iPhone Developer";
				"CODE_SIGN_IDENTITY[sdk=iphoneos*]" = "iPhone Developer";
				FRAMEWORK_SEARCH_PATHS = (
					"$(inherited)",
					"$(PROJECT_DIR)/TVMG",
				);
				GCC_PRECOMPILE_PREFIX_HEADER = YES;
				GCC_PREFIX_HEADER = "TVMG/TVMG-Prefix.pch";
				INFOPLIST_FILE = "TVMG/TVMG-Info.plist";
				IPHONEOS_DEPLOYMENT_TARGET = 7.0;
				PRODUCT_NAME = "$(TARGET_NAME)";
				PROVISIONING_PROFILE = "";
				WRAPPER_EXTENSION = app;
			};
			name = Debug;
		};
		489FF95A18EC49F800E6F1D0 /* Release */ = {
			isa = XCBuildConfiguration;
			buildSettings = {
				ASSETCATALOG_COMPILER_APPICON_NAME = AppIcon;
				ASSETCATALOG_COMPILER_LAUNCHIMAGE_NAME = LaunchImage;
				CODE_SIGN_IDENTITY = "iPhone Developer";
				"CODE_SIGN_IDENTITY[sdk=iphoneos*]" = "iPhone Developer";
				FRAMEWORK_SEARCH_PATHS = (
					"$(inherited)",
					"$(PROJECT_DIR)/TVMG",
				);
				GCC_PRECOMPILE_PREFIX_HEADER = YES;
				GCC_PREFIX_HEADER = "TVMG/TVMG-Prefix.pch";
				INFOPLIST_FILE = "TVMG/TVMG-Info.plist";
				IPHONEOS_DEPLOYMENT_TARGET = 7.0;
				PRODUCT_NAME = "$(TARGET_NAME)";
				PROVISIONING_PROFILE = "";
				WRAPPER_EXTENSION = app;
			};
			name = Release;
		};
		489FF95C18EC49F800E6F1D0 /* Debug */ = {
			isa = XCBuildConfiguration;
			buildSettings = {
				BUNDLE_LOADER = "$(BUILT_PRODUCTS_DIR)/TVMG.app/TVMG";
				FRAMEWORK_SEARCH_PATHS = (
					"$(SDKROOT)/Developer/Library/Frameworks",
					"$(inherited)",
					"$(DEVELOPER_FRAMEWORKS_DIR)",
				);
				GCC_PRECOMPILE_PREFIX_HEADER = YES;
				GCC_PREFIX_HEADER = "TVMG/TVMG-Prefix.pch";
				GCC_PREPROCESSOR_DEFINITIONS = (
					"DEBUG=1",
					"$(inherited)",
				);
				INFOPLIST_FILE = "TVMGTests/TVMGTests-Info.plist";
				IPHONEOS_DEPLOYMENT_TARGET = 7.0;
				PRODUCT_NAME = "$(TARGET_NAME)";
				TEST_HOST = "$(BUNDLE_LOADER)";
				WRAPPER_EXTENSION = xctest;
			};
			name = Debug;
		};
		489FF95D18EC49F800E6F1D0 /* Release */ = {
			isa = XCBuildConfiguration;
			buildSettings = {
				BUNDLE_LOADER = "$(BUILT_PRODUCTS_DIR)/TVMG.app/TVMG";
				FRAMEWORK_SEARCH_PATHS = (
					"$(SDKROOT)/Developer/Library/Frameworks",
					"$(inherited)",
					"$(DEVELOPER_FRAMEWORKS_DIR)",
				);
				GCC_PRECOMPILE_PREFIX_HEADER = YES;
				GCC_PREFIX_HEADER = "TVMG/TVMG-Prefix.pch";
				INFOPLIST_FILE = "TVMGTests/TVMGTests-Info.plist";
				IPHONEOS_DEPLOYMENT_TARGET = 7.0;
				PRODUCT_NAME = "$(TARGET_NAME)";
				TEST_HOST = "$(BUNDLE_LOADER)";
				WRAPPER_EXTENSION = xctest;
			};
			name = Release;
		};
/* End XCBuildConfiguration section */

/* Begin XCConfigurationList section */
		489FF91B18EC49F700E6F1D0 /* Build configuration list for PBXProject "TVMG" */ = {
			isa = XCConfigurationList;
			buildConfigurations = (
				489FF95618EC49F800E6F1D0 /* Debug */,
				489FF95718EC49F800E6F1D0 /* Release */,
			);
			defaultConfigurationIsVisible = 0;
			defaultConfigurationName = Release;
		};
		489FF95818EC49F800E6F1D0 /* Build configuration list for PBXNativeTarget "TVMG" */ = {
			isa = XCConfigurationList;
			buildConfigurations = (
				489FF95918EC49F800E6F1D0 /* Debug */,
				489FF95A18EC49F800E6F1D0 /* Release */,
			);
			defaultConfigurationIsVisible = 0;
			defaultConfigurationName = Release;
		};
		489FF95B18EC49F800E6F1D0 /* Build configuration list for PBXNativeTarget "TVMGTests" */ = {
			isa = XCConfigurationList;
			buildConfigurations = (
				489FF95C18EC49F800E6F1D0 /* Debug */,
				489FF95D18EC49F800E6F1D0 /* Release */,
			);
			defaultConfigurationIsVisible = 0;
			defaultConfigurationName = Release;
		};
/* End XCConfigurationList section */
	};
	rootObject = 489FF91818EC49F700E6F1D0 /* Project object */;
}
